// !$*UTF8*$!
{
	archiveVersion = 1;
	classes = {
	};
	objectVersion = 55;
	objects = {

/* Begin PBXBuildFile section */
		772F12A527EE0F9D0052AF38 /* FindCoronaCenterApp.swift in Sources */ = {isa = PBXBuildFile; fileRef = 772F12A427EE0F9D0052AF38 /* FindCoronaCenterApp.swift */; };
		772F12A727EE0F9D0052AF38 /* ContentView.swift in Sources */ = {isa = PBXBuildFile; fileRef = 772F12A627EE0F9D0052AF38 /* ContentView.swift */; };
		772F12A927EE0F9E0052AF38 /* Assets.xcassets in Resources */ = {isa = PBXBuildFile; fileRef = 772F12A827EE0F9E0052AF38 /* Assets.xcassets */; };
		772F12AC27EE0F9E0052AF38 /* Preview Assets.xcassets in Resources */ = {isa = PBXBuildFile; fileRef = 772F12AB27EE0F9E0052AF38 /* Preview Assets.xcassets */; };
		772F12B627EE0F9E0052AF38 /* FindCoronaCenterTests.swift in Sources */ = {isa = PBXBuildFile; fileRef = 772F12B527EE0F9E0052AF38 /* FindCoronaCenterTests.swift */; };
		772F12C027EE0F9E0052AF38 /* FindCoronaCenterUITests.swift in Sources */ = {isa = PBXBuildFile; fileRef = 772F12BF27EE0F9E0052AF38 /* FindCoronaCenterUITests.swift */; };
		772F12C227EE0F9E0052AF38 /* FindCoronaCenterUITestsLaunchTests.swift in Sources */ = {isa = PBXBuildFile; fileRef = 772F12C127EE0F9E0052AF38 /* FindCoronaCenterUITestsLaunchTests.swift */; };
		772F12CF27EE0FCE0052AF38 /* CenterAPIResponse.swift in Sources */ = {isa = PBXBuildFile; fileRef = 772F12CE27EE0FCE0052AF38 /* CenterAPIResponse.swift */; };
		772F12D227EE100F0052AF38 /* Center.swift in Sources */ = {isa = PBXBuildFile; fileRef = 772F12D127EE100F0052AF38 /* Center.swift */; };
		772F12D427EE14570052AF38 /* CenterAPI.swift in Sources */ = {isa = PBXBuildFile; fileRef = 772F12D327EE14570052AF38 /* CenterAPI.swift */; };
		772F12D727EE156C0052AF38 /* CenterNetwork.swift in Sources */ = {isa = PBXBuildFile; fileRef = 772F12D627EE156C0052AF38 /* CenterNetwork.swift */; };
		773A0BE727FB1D4A00210B14 /* SelectRegionView.swift in Sources */ = {isa = PBXBuildFile; fileRef = 773A0BE627FB1D4A00210B14 /* SelectRegionView.swift */; };
		773A0BE927FB1D5600210B14 /* SelectRegionViewModel.swift in Sources */ = {isa = PBXBuildFile; fileRef = 773A0BE827FB1D5600210B14 /* SelectRegionViewModel.swift */; };
		77D4D5E727EF18CF00DFA2F9 /* CenterNetwork(Alamofire).swift in Sources */ = {isa = PBXBuildFile; fileRef = 77D4D5E627EF18CF00DFA2F9 /* CenterNetwork(Alamofire).swift */; };
		A73692F0642E0423C2986E11 /* Pods_FindCoronaCenter_FindCoronaCenterUITests.framework in Frameworks */ = {isa = PBXBuildFile; fileRef = F0596E851EE369E0557D249F /* Pods_FindCoronaCenter_FindCoronaCenterUITests.framework */; };
		BB0A9998CF26623EC7EB20FB /* Pods_FindCoronaCenterTests.framework in Frameworks */ = {isa = PBXBuildFile; fileRef = C0453133AB279DFE7DE73AE2 /* Pods_FindCoronaCenterTests.framework */; };
		F769E9A173A597BB37F990C6 /* Pods_FindCoronaCenter.framework in Frameworks */ = {isa = PBXBuildFile; fileRef = 2C2636ECC83988FE983CE9E7 /* Pods_FindCoronaCenter.framework */; };
/* End PBXBuildFile section */

/* Begin PBXContainerItemProxy section */
		772F12B227EE0F9E0052AF38 /* PBXContainerItemProxy */ = {
			isa = PBXContainerItemProxy;
			containerPortal = 772F129927EE0F9D0052AF38 /* Project object */;
			proxyType = 1;
			remoteGlobalIDString = 772F12A027EE0F9D0052AF38;
			remoteInfo = FindCoronaCenter;
		};
		772F12BC27EE0F9E0052AF38 /* PBXContainerItemProxy */ = {
			isa = PBXContainerItemProxy;
			containerPortal = 772F129927EE0F9D0052AF38 /* Project object */;
			proxyType = 1;
			remoteGlobalIDString = 772F12A027EE0F9D0052AF38;
			remoteInfo = FindCoronaCenter;
		};
/* End PBXContainerItemProxy section */

/* Begin PBXFileReference section */
		2C2636ECC83988FE983CE9E7 /* Pods_FindCoronaCenter.framework */ = {isa = PBXFileReference; explicitFileType = wrapper.framework; includeInIndex = 0; path = Pods_FindCoronaCenter.framework; sourceTree = BUILT_PRODUCTS_DIR; };
		772F12A127EE0F9D0052AF38 /* FindCoronaCenter.app */ = {isa = PBXFileReference; explicitFileType = wrapper.application; includeInIndex = 0; path = FindCoronaCenter.app; sourceTree = BUILT_PRODUCTS_DIR; };
		772F12A427EE0F9D0052AF38 /* FindCoronaCenterApp.swift */ = {isa = PBXFileReference; lastKnownFileType = sourcecode.swift; path = FindCoronaCenterApp.swift; sourceTree = "<group>"; };
		772F12A627EE0F9D0052AF38 /* ContentView.swift */ = {isa = PBXFileReference; lastKnownFileType = sourcecode.swift; path = ContentView.swift; sourceTree = "<group>"; };
		772F12A827EE0F9E0052AF38 /* Assets.xcassets */ = {isa = PBXFileReference; lastKnownFileType = folder.assetcatalog; path = Assets.xcassets; sourceTree = "<group>"; };
		772F12AB27EE0F9E0052AF38 /* Preview Assets.xcassets */ = {isa = PBXFileReference; lastKnownFileType = folder.assetcatalog; path = "Preview Assets.xcassets"; sourceTree = "<group>"; };
		772F12B127EE0F9E0052AF38 /* FindCoronaCenterTests.xctest */ = {isa = PBXFileReference; explicitFileType = wrapper.cfbundle; includeInIndex = 0; path = FindCoronaCenterTests.xctest; sourceTree = BUILT_PRODUCTS_DIR; };
		772F12B527EE0F9E0052AF38 /* FindCoronaCenterTests.swift */ = {isa = PBXFileReference; lastKnownFileType = sourcecode.swift; path = FindCoronaCenterTests.swift; sourceTree = "<group>"; };
		772F12BB27EE0F9E0052AF38 /* FindCoronaCenterUITests.xctest */ = {isa = PBXFileReference; explicitFileType = wrapper.cfbundle; includeInIndex = 0; path = FindCoronaCenterUITests.xctest; sourceTree = BUILT_PRODUCTS_DIR; };
		772F12BF27EE0F9E0052AF38 /* FindCoronaCenterUITests.swift */ = {isa = PBXFileReference; lastKnownFileType = sourcecode.swift; path = FindCoronaCenterUITests.swift; sourceTree = "<group>"; };
		772F12C127EE0F9E0052AF38 /* FindCoronaCenterUITestsLaunchTests.swift */ = {isa = PBXFileReference; lastKnownFileType = sourcecode.swift; path = FindCoronaCenterUITestsLaunchTests.swift; sourceTree = "<group>"; };
		772F12CE27EE0FCE0052AF38 /* CenterAPIResponse.swift */ = {isa = PBXFileReference; lastKnownFileType = sourcecode.swift; path = CenterAPIResponse.swift; sourceTree = "<group>"; };
		772F12D127EE100F0052AF38 /* Center.swift */ = {isa = PBXFileReference; lastKnownFileType = sourcecode.swift; path = Center.swift; sourceTree = "<group>"; };
		772F12D327EE14570052AF38 /* CenterAPI.swift */ = {isa = PBXFileReference; lastKnownFileType = sourcecode.swift; path = CenterAPI.swift; sourceTree = "<group>"; };
		772F12D627EE156C0052AF38 /* CenterNetwork.swift */ = {isa = PBXFileReference; lastKnownFileType = sourcecode.swift; path = CenterNetwork.swift; sourceTree = "<group>"; };
		773A0BE627FB1D4A00210B14 /* SelectRegionView.swift */ = {isa = PBXFileReference; lastKnownFileType = sourcecode.swift; path = SelectRegionView.swift; sourceTree = "<group>"; };
		773A0BE827FB1D5600210B14 /* SelectRegionViewModel.swift */ = {isa = PBXFileReference; lastKnownFileType = sourcecode.swift; path = SelectRegionViewModel.swift; sourceTree = "<group>"; };
		77D4D5E627EF18CF00DFA2F9 /* CenterNetwork(Alamofire).swift */ = {isa = PBXFileReference; lastKnownFileType = sourcecode.swift; path = "CenterNetwork(Alamofire).swift"; sourceTree = "<group>"; };
		78026464900E5FAA36AC7817 /* Pods-FindCoronaCenter-FindCoronaCenterUITests.release.xcconfig */ = {isa = PBXFileReference; includeInIndex = 1; lastKnownFileType = text.xcconfig; name = "Pods-FindCoronaCenter-FindCoronaCenterUITests.release.xcconfig"; path = "Target Support Files/Pods-FindCoronaCenter-FindCoronaCenterUITests/Pods-FindCoronaCenter-FindCoronaCenterUITests.release.xcconfig"; sourceTree = "<group>"; };
		7D5FF3DDDDD8F9AD5F900B15 /* Pods-FindCoronaCenter.release.xcconfig */ = {isa = PBXFileReference; includeInIndex = 1; lastKnownFileType = text.xcconfig; name = "Pods-FindCoronaCenter.release.xcconfig"; path = "Target Support Files/Pods-FindCoronaCenter/Pods-FindCoronaCenter.release.xcconfig"; sourceTree = "<group>"; };
		86E595EB6518E044F8A10C14 /* Pods-FindCoronaCenter.debug.xcconfig */ = {isa = PBXFileReference; includeInIndex = 1; lastKnownFileType = text.xcconfig; name = "Pods-FindCoronaCenter.debug.xcconfig"; path = "Target Support Files/Pods-FindCoronaCenter/Pods-FindCoronaCenter.debug.xcconfig"; sourceTree = "<group>"; };
		8F62D65A86F2FA0CE13AD6A4 /* Pods-FindCoronaCenterTests.release.xcconfig */ = {isa = PBXFileReference; includeInIndex = 1; lastKnownFileType = text.xcconfig; name = "Pods-FindCoronaCenterTests.release.xcconfig"; path = "Target Support Files/Pods-FindCoronaCenterTests/Pods-FindCoronaCenterTests.release.xcconfig"; sourceTree = "<group>"; };
		BA094A1FE7BD54B3F8C5E611 /* Pods-FindCoronaCenterTests.debug.xcconfig */ = {isa = PBXFileReference; includeInIndex = 1; lastKnownFileType = text.xcconfig; name = "Pods-FindCoronaCenterTests.debug.xcconfig"; path = "Target Support Files/Pods-FindCoronaCenterTests/Pods-FindCoronaCenterTests.debug.xcconfig"; sourceTree = "<group>"; };
		C0453133AB279DFE7DE73AE2 /* Pods_FindCoronaCenterTests.framework */ = {isa = PBXFileReference; explicitFileType = wrapper.framework; includeInIndex = 0; path = Pods_FindCoronaCenterTests.framework; sourceTree = BUILT_PRODUCTS_DIR; };
		C1C54054C0B8AC2E4387BDE5 /* Pods-FindCoronaCenter-FindCoronaCenterUITests.debug.xcconfig */ = {isa = PBXFileReference; includeInIndex = 1; lastKnownFileType = text.xcconfig; name = "Pods-FindCoronaCenter-FindCoronaCenterUITests.debug.xcconfig"; path = "Target Support Files/Pods-FindCoronaCenter-FindCoronaCenterUITests/Pods-FindCoronaCenter-FindCoronaCenterUITests.debug.xcconfig"; sourceTree = "<group>"; };
		F0596E851EE369E0557D249F /* Pods_FindCoronaCenter_FindCoronaCenterUITests.framework */ = {isa = PBXFileReference; explicitFileType = wrapper.framework; includeInIndex = 0; path = Pods_FindCoronaCenter_FindCoronaCenterUITests.framework; sourceTree = BUILT_PRODUCTS_DIR; };
/* End PBXFileReference section */

/* Begin PBXFrameworksBuildPhase section */
		772F129E27EE0F9D0052AF38 /* Frameworks */ = {
			isa = PBXFrameworksBuildPhase;
			buildActionMask = 2147483647;
			files = (
				F769E9A173A597BB37F990C6 /* Pods_FindCoronaCenter.framework in Frameworks */,
			);
			runOnlyForDeploymentPostprocessing = 0;
		};
		772F12AE27EE0F9E0052AF38 /* Frameworks */ = {
			isa = PBXFrameworksBuildPhase;
			buildActionMask = 2147483647;
			files = (
				BB0A9998CF26623EC7EB20FB /* Pods_FindCoronaCenterTests.framework in Frameworks */,
			);
			runOnlyForDeploymentPostprocessing = 0;
		};
		772F12B827EE0F9E0052AF38 /* Frameworks */ = {
			isa = PBXFrameworksBuildPhase;
			buildActionMask = 2147483647;
			files = (
				A73692F0642E0423C2986E11 /* Pods_FindCoronaCenter_FindCoronaCenterUITests.framework in Frameworks */,
			);
			runOnlyForDeploymentPostprocessing = 0;
		};
/* End PBXFrameworksBuildPhase section */

/* Begin PBXGroup section */
		772F129827EE0F9D0052AF38 = {
			isa = PBXGroup;
			children = (
				772F12A327EE0F9D0052AF38 /* FindCoronaCenter */,
				772F12B427EE0F9E0052AF38 /* FindCoronaCenterTests */,
				772F12BE27EE0F9E0052AF38 /* FindCoronaCenterUITests */,
				772F12A227EE0F9D0052AF38 /* Products */,
				ECF0F48A14D6C63416C42F27 /* Pods */,
				CDF0408BBC8C56B4DC2B11B4 /* Frameworks */,
			);
			sourceTree = "<group>";
		};
		772F12A227EE0F9D0052AF38 /* Products */ = {
			isa = PBXGroup;
			children = (
				772F12A127EE0F9D0052AF38 /* FindCoronaCenter.app */,
				772F12B127EE0F9E0052AF38 /* FindCoronaCenterTests.xctest */,
				772F12BB27EE0F9E0052AF38 /* FindCoronaCenterUITests.xctest */,
			);
			name = Products;
			sourceTree = "<group>";
		};
		772F12A327EE0F9D0052AF38 /* FindCoronaCenter */ = {
			isa = PBXGroup;
			children = (
				772F12A427EE0F9D0052AF38 /* FindCoronaCenterApp.swift */,
				772F12A627EE0F9D0052AF38 /* ContentView.swift */,
				772F12D527EE14650052AF38 /* Network */,
				772F12D027EE0FD50052AF38 /* Entities */,
				772F12A827EE0F9E0052AF38 /* Assets.xcassets */,
				772F12AA27EE0F9E0052AF38 /* Preview Content */,
				773A0BE627FB1D4A00210B14 /* SelectRegionView.swift */,
				773A0BE827FB1D5600210B14 /* SelectRegionViewModel.swift */,
			);
			path = FindCoronaCenter;
			sourceTree = "<group>";
		};
		772F12AA27EE0F9E0052AF38 /* Preview Content */ = {
			isa = PBXGroup;
			children = (
				772F12AB27EE0F9E0052AF38 /* Preview Assets.xcassets */,
			);
			path = "Preview Content";
			sourceTree = "<group>";
		};
		772F12B427EE0F9E0052AF38 /* FindCoronaCenterTests */ = {
			isa = PBXGroup;
			children = (
				772F12B527EE0F9E0052AF38 /* FindCoronaCenterTests.swift */,
			);
			path = FindCoronaCenterTests;
			sourceTree = "<group>";
		};
		772F12BE27EE0F9E0052AF38 /* FindCoronaCenterUITests */ = {
			isa = PBXGroup;
			children = (
				772F12BF27EE0F9E0052AF38 /* FindCoronaCenterUITests.swift */,
				772F12C127EE0F9E0052AF38 /* FindCoronaCenterUITestsLaunchTests.swift */,
			);
			path = FindCoronaCenterUITests;
			sourceTree = "<group>";
		};
		772F12D027EE0FD50052AF38 /* Entities */ = {
			isa = PBXGroup;
			children = (
				772F12CE27EE0FCE0052AF38 /* CenterAPIResponse.swift */,
				772F12D127EE100F0052AF38 /* Center.swift */,
			);
			path = Entities;
			sourceTree = "<group>";
		};
		772F12D527EE14650052AF38 /* Network */ = {
			isa = PBXGroup;
			children = (
				772F12D327EE14570052AF38 /* CenterAPI.swift */,
				77D4D5E627EF18CF00DFA2F9 /* CenterNetwork(Alamofire).swift */,
				772F12D627EE156C0052AF38 /* CenterNetwork.swift */,
			);
			path = Network;
			sourceTree = "<group>";
		};
		CDF0408BBC8C56B4DC2B11B4 /* Frameworks */ = {
			isa = PBXGroup;
			children = (
				2C2636ECC83988FE983CE9E7 /* Pods_FindCoronaCenter.framework */,
				F0596E851EE369E0557D249F /* Pods_FindCoronaCenter_FindCoronaCenterUITests.framework */,
				C0453133AB279DFE7DE73AE2 /* Pods_FindCoronaCenterTests.framework */,
			);
			name = Frameworks;
			sourceTree = "<group>";
		};
		ECF0F48A14D6C63416C42F27 /* Pods */ = {
			isa = PBXGroup;
			children = (
				86E595EB6518E044F8A10C14 /* Pods-FindCoronaCenter.debug.xcconfig */,
				7D5FF3DDDDD8F9AD5F900B15 /* Pods-FindCoronaCenter.release.xcconfig */,
				C1C54054C0B8AC2E4387BDE5 /* Pods-FindCoronaCenter-FindCoronaCenterUITests.debug.xcconfig */,
				78026464900E5FAA36AC7817 /* Pods-FindCoronaCenter-FindCoronaCenterUITests.release.xcconfig */,
				BA094A1FE7BD54B3F8C5E611 /* Pods-FindCoronaCenterTests.debug.xcconfig */,
				8F62D65A86F2FA0CE13AD6A4 /* Pods-FindCoronaCenterTests.release.xcconfig */,
			);
			path = Pods;
			sourceTree = "<group>";
		};
/* End PBXGroup section */

/* Begin PBXNativeTarget section */
		772F12A027EE0F9D0052AF38 /* FindCoronaCenter */ = {
			isa = PBXNativeTarget;
			buildConfigurationList = 772F12C527EE0F9E0052AF38 /* Build configuration list for PBXNativeTarget "FindCoronaCenter" */;
			buildPhases = (
				BD605F72B46FC58F34AD0106 /* [CP] Check Pods Manifest.lock */,
				772F129D27EE0F9D0052AF38 /* Sources */,
				772F129E27EE0F9D0052AF38 /* Frameworks */,
				772F129F27EE0F9D0052AF38 /* Resources */,
				008865D3CDF1B059967508AA /* [CP] Embed Pods Frameworks */,
			);
			buildRules = (
			);
			dependencies = (
			);
			name = FindCoronaCenter;
			productName = FindCoronaCenter;
			productReference = 772F12A127EE0F9D0052AF38 /* FindCoronaCenter.app */;
			productType = "com.apple.product-type.application";
		};
		772F12B027EE0F9E0052AF38 /* FindCoronaCenterTests */ = {
			isa = PBXNativeTarget;
			buildConfigurationList = 772F12C827EE0F9E0052AF38 /* Build configuration list for PBXNativeTarget "FindCoronaCenterTests" */;
			buildPhases = (
				0B070A717279667DC4607029 /* [CP] Check Pods Manifest.lock */,
				772F12AD27EE0F9E0052AF38 /* Sources */,
				772F12AE27EE0F9E0052AF38 /* Frameworks */,
				772F12AF27EE0F9E0052AF38 /* Resources */,
			);
			buildRules = (
			);
			dependencies = (
				772F12B327EE0F9E0052AF38 /* PBXTargetDependency */,
			);
			name = FindCoronaCenterTests;
			productName = FindCoronaCenterTests;
			productReference = 772F12B127EE0F9E0052AF38 /* FindCoronaCenterTests.xctest */;
			productType = "com.apple.product-type.bundle.unit-test";
		};
		772F12BA27EE0F9E0052AF38 /* FindCoronaCenterUITests */ = {
			isa = PBXNativeTarget;
			buildConfigurationList = 772F12CB27EE0F9E0052AF38 /* Build configuration list for PBXNativeTarget "FindCoronaCenterUITests" */;
			buildPhases = (
				3C899119BE660ED6DE378E56 /* [CP] Check Pods Manifest.lock */,
				772F12B727EE0F9E0052AF38 /* Sources */,
				772F12B827EE0F9E0052AF38 /* Frameworks */,
				772F12B927EE0F9E0052AF38 /* Resources */,
				2AA99628C588BC57AFD6AFCD /* [CP] Embed Pods Frameworks */,
			);
			buildRules = (
			);
			dependencies = (
				772F12BD27EE0F9E0052AF38 /* PBXTargetDependency */,
			);
			name = FindCoronaCenterUITests;
			productName = FindCoronaCenterUITests;
			productReference = 772F12BB27EE0F9E0052AF38 /* FindCoronaCenterUITests.xctest */;
			productType = "com.apple.product-type.bundle.ui-testing";
		};
/* End PBXNativeTarget section */

/* Begin PBXProject section */
		772F129927EE0F9D0052AF38 /* Project object */ = {
			isa = PBXProject;
			attributes = {
				BuildIndependentTargetsInParallel = 1;
				LastSwiftUpdateCheck = 1330;
				LastUpgradeCheck = 1330;
				TargetAttributes = {
					772F12A027EE0F9D0052AF38 = {
						CreatedOnToolsVersion = 13.3;
					};
					772F12B027EE0F9E0052AF38 = {
						CreatedOnToolsVersion = 13.3;
						TestTargetID = 772F12A027EE0F9D0052AF38;
					};
					772F12BA27EE0F9E0052AF38 = {
						CreatedOnToolsVersion = 13.3;
						TestTargetID = 772F12A027EE0F9D0052AF38;
					};
				};
			};
			buildConfigurationList = 772F129C27EE0F9D0052AF38 /* Build configuration list for PBXProject "FindCoronaCenter" */;
			compatibilityVersion = "Xcode 13.0";
			developmentRegion = en;
			hasScannedForEncodings = 0;
			knownRegions = (
				en,
				Base,
			);
			mainGroup = 772F129827EE0F9D0052AF38;
			productRefGroup = 772F12A227EE0F9D0052AF38 /* Products */;
			projectDirPath = "";
			projectRoot = "";
			targets = (
				772F12A027EE0F9D0052AF38 /* FindCoronaCenter */,
				772F12B027EE0F9E0052AF38 /* FindCoronaCenterTests */,
				772F12BA27EE0F9E0052AF38 /* FindCoronaCenterUITests */,
			);
		};
/* End PBXProject section */

/* Begin PBXResourcesBuildPhase section */
		772F129F27EE0F9D0052AF38 /* Resources */ = {
			isa = PBXResourcesBuildPhase;
			buildActionMask = 2147483647;
			files = (
				772F12AC27EE0F9E0052AF38 /* Preview Assets.xcassets in Resources */,
				772F12A927EE0F9E0052AF38 /* Assets.xcassets in Resources */,
			);
			runOnlyForDeploymentPostprocessing = 0;
		};
		772F12AF27EE0F9E0052AF38 /* Resources */ = {
			isa = PBXResourcesBuildPhase;
			buildActionMask = 2147483647;
			files = (
			);
			runOnlyForDeploymentPostprocessing = 0;
		};
		772F12B927EE0F9E0052AF38 /* Resources */ = {
			isa = PBXResourcesBuildPhase;
			buildActionMask = 2147483647;
			files = (
			);
			runOnlyForDeploymentPostprocessing = 0;
		};
/* End PBXResourcesBuildPhase section */

/* Begin PBXShellScriptBuildPhase section */
		008865D3CDF1B059967508AA /* [CP] Embed Pods Frameworks */ = {
			isa = PBXShellScriptBuildPhase;
			buildActionMask = 2147483647;
			files = (
			);
			inputFileListPaths = (
				"${PODS_ROOT}/Target Support Files/Pods-FindCoronaCenter/Pods-FindCoronaCenter-frameworks-${CONFIGURATION}-input-files.xcfilelist",
			);
			name = "[CP] Embed Pods Frameworks";
			outputFileListPaths = (
				"${PODS_ROOT}/Target Support Files/Pods-FindCoronaCenter/Pods-FindCoronaCenter-frameworks-${CONFIGURATION}-output-files.xcfilelist",
			);
			runOnlyForDeploymentPostprocessing = 0;
			shellPath = /bin/sh;
			shellScript = "\"${PODS_ROOT}/Target Support Files/Pods-FindCoronaCenter/Pods-FindCoronaCenter-frameworks.sh\"\n";
			showEnvVarsInLog = 0;
		};
		0B070A717279667DC4607029 /* [CP] Check Pods Manifest.lock */ = {
			isa = PBXShellScriptBuildPhase;
			buildActionMask = 2147483647;
			files = (
			);
			inputFileListPaths = (
			);
			inputPaths = (
				"${PODS_PODFILE_DIR_PATH}/Podfile.lock",
				"${PODS_ROOT}/Manifest.lock",
			);
			name = "[CP] Check Pods Manifest.lock";
			outputFileListPaths = (
			);
			outputPaths = (
				"$(DERIVED_FILE_DIR)/Pods-FindCoronaCenterTests-checkManifestLockResult.txt",
			);
			runOnlyForDeploymentPostprocessing = 0;
			shellPath = /bin/sh;
			shellScript = "diff \"${PODS_PODFILE_DIR_PATH}/Podfile.lock\" \"${PODS_ROOT}/Manifest.lock\" > /dev/null\nif [ $? != 0 ] ; then\n    # print error to STDERR\n    echo \"error: The sandbox is not in sync with the Podfile.lock. Run 'pod install' or update your CocoaPods installation.\" >&2\n    exit 1\nfi\n# This output is used by Xcode 'outputs' to avoid re-running this script phase.\necho \"SUCCESS\" > \"${SCRIPT_OUTPUT_FILE_0}\"\n";
			showEnvVarsInLog = 0;
		};
		2AA99628C588BC57AFD6AFCD /* [CP] Embed Pods Frameworks */ = {
			isa = PBXShellScriptBuildPhase;
			buildActionMask = 2147483647;
			files = (
			);
			inputFileListPaths = (
				"${PODS_ROOT}/Target Support Files/Pods-FindCoronaCenter-FindCoronaCenterUITests/Pods-FindCoronaCenter-FindCoronaCenterUITests-frameworks-${CONFIGURATION}-input-files.xcfilelist",
			);
			name = "[CP] Embed Pods Frameworks";
			outputFileListPaths = (
				"${PODS_ROOT}/Target Support Files/Pods-FindCoronaCenter-FindCoronaCenterUITests/Pods-FindCoronaCenter-FindCoronaCenterUITests-frameworks-${CONFIGURATION}-output-files.xcfilelist",
			);
			runOnlyForDeploymentPostprocessing = 0;
			shellPath = /bin/sh;
			shellScript = "\"${PODS_ROOT}/Target Support Files/Pods-FindCoronaCenter-FindCoronaCenterUITests/Pods-FindCoronaCenter-FindCoronaCenterUITests-frameworks.sh\"\n";
			showEnvVarsInLog = 0;
		};
		3C899119BE660ED6DE378E56 /* [CP] Check Pods Manifest.lock */ = {
			isa = PBXShellScriptBuildPhase;
			buildActionMask = 2147483647;
			files = (
			);
			inputFileListPaths = (
			);
			inputPaths = (
				"${PODS_PODFILE_DIR_PATH}/Podfile.lock",
				"${PODS_ROOT}/Manifest.lock",
			);
			name = "[CP] Check Pods Manifest.lock";
			outputFileListPaths = (
			);
			outputPaths = (
				"$(DERIVED_FILE_DIR)/Pods-FindCoronaCenter-FindCoronaCenterUITests-checkManifestLockResult.txt",
			);
			runOnlyForDeploymentPostprocessing = 0;
			shellPath = /bin/sh;
			shellScript = "diff \"${PODS_PODFILE_DIR_PATH}/Podfile.lock\" \"${PODS_ROOT}/Manifest.lock\" > /dev/null\nif [ $? != 0 ] ; then\n    # print error to STDERR\n    echo \"error: The sandbox is not in sync with the Podfile.lock. Run 'pod install' or update your CocoaPods installation.\" >&2\n    exit 1\nfi\n# This output is used by Xcode 'outputs' to avoid re-running this script phase.\necho \"SUCCESS\" > \"${SCRIPT_OUTPUT_FILE_0}\"\n";
			showEnvVarsInLog = 0;
		};
		BD605F72B46FC58F34AD0106 /* [CP] Check Pods Manifest.lock */ = {
			isa = PBXShellScriptBuildPhase;
			buildActionMask = 2147483647;
			files = (
			);
			inputFileListPaths = (
			);
			inputPaths = (
				"${PODS_PODFILE_DIR_PATH}/Podfile.lock",
				"${PODS_ROOT}/Manifest.lock",
			);
			name = "[CP] Check Pods Manifest.lock";
			outputFileListPaths = (
			);
			outputPaths = (
				"$(DERIVED_FILE_DIR)/Pods-FindCoronaCenter-checkManifestLockResult.txt",
			);
			runOnlyForDeploymentPostprocessing = 0;
			shellPath = /bin/sh;
			shellScript = "diff \"${PODS_PODFILE_DIR_PATH}/Podfile.lock\" \"${PODS_ROOT}/Manifest.lock\" > /dev/null\nif [ $? != 0 ] ; then\n    # print error to STDERR\n    echo \"error: The sandbox is not in sync with the Podfile.lock. Run 'pod install' or update your CocoaPods installation.\" >&2\n    exit 1\nfi\n# This output is used by Xcode 'outputs' to avoid re-running this script phase.\necho \"SUCCESS\" > \"${SCRIPT_OUTPUT_FILE_0}\"\n";
			showEnvVarsInLog = 0;
		};
/* End PBXShellScriptBuildPhase section */

/* Begin PBXSourcesBuildPhase section */
		772F129D27EE0F9D0052AF38 /* Sources */ = {
			isa = PBXSourcesBuildPhase;
			buildActionMask = 2147483647;
			files = (
				773A0BE727FB1D4A00210B14 /* SelectRegionView.swift in Sources */,
				773A0BE927FB1D5600210B14 /* SelectRegionViewModel.swift in Sources */,
				772F12D227EE100F0052AF38 /* Center.swift in Sources */,
				772F12D727EE156C0052AF38 /* CenterNetwork.swift in Sources */,
				772F12D427EE14570052AF38 /* CenterAPI.swift in Sources */,
				772F12A727EE0F9D0052AF38 /* ContentView.swift in Sources */,
				772F12CF27EE0FCE0052AF38 /* CenterAPIResponse.swift in Sources */,
				772F12A527EE0F9D0052AF38 /* FindCoronaCenterApp.swift in Sources */,
				77D4D5E727EF18CF00DFA2F9 /* CenterNetwork(Alamofire).swift in Sources */,
			);
			runOnlyForDeploymentPostprocessing = 0;
		};
		772F12AD27EE0F9E0052AF38 /* Sources */ = {
			isa = PBXSourcesBuildPhase;
			buildActionMask = 2147483647;
			files = (
				772F12B627EE0F9E0052AF38 /* FindCoronaCenterTests.swift in Sources */,
			);
			runOnlyForDeploymentPostprocessing = 0;
		};
		772F12B727EE0F9E0052AF38 /* Sources */ = {
			isa = PBXSourcesBuildPhase;
			buildActionMask = 2147483647;
			files = (
				772F12C227EE0F9E0052AF38 /* FindCoronaCenterUITestsLaunchTests.swift in Sources */,
				772F12C027EE0F9E0052AF38 /* FindCoronaCenterUITests.swift in Sources */,
			);
			runOnlyForDeploymentPostprocessing = 0;
		};
/* End PBXSourcesBuildPhase section */

/* Begin PBXTargetDependency section */
		772F12B327EE0F9E0052AF38 /* PBXTargetDependency */ = {
			isa = PBXTargetDependency;
			target = 772F12A027EE0F9D0052AF38 /* FindCoronaCenter */;
			targetProxy = 772F12B227EE0F9E0052AF38 /* PBXContainerItemProxy */;
		};
		772F12BD27EE0F9E0052AF38 /* PBXTargetDependency */ = {
			isa = PBXTargetDependency;
			target = 772F12A027EE0F9D0052AF38 /* FindCoronaCenter */;
			targetProxy = 772F12BC27EE0F9E0052AF38 /* PBXContainerItemProxy */;
		};
/* End PBXTargetDependency section */

/* Begin XCBuildConfiguration section */
		772F12C327EE0F9E0052AF38 /* Debug */ = {
			isa = XCBuildConfiguration;
			buildSettings = {
				ALWAYS_SEARCH_USER_PATHS = NO;
				CLANG_ANALYZER_NONNULL = YES;
				CLANG_ANALYZER_NUMBER_OBJECT_CONVERSION = YES_AGGRESSIVE;
				CLANG_CXX_LANGUAGE_STANDARD = "gnu++17";
				CLANG_ENABLE_MODULES = YES;
				CLANG_ENABLE_OBJC_ARC = YES;
				CLANG_ENABLE_OBJC_WEAK = YES;
				CLANG_WARN_BLOCK_CAPTURE_AUTORELEASING = YES;
				CLANG_WARN_BOOL_CONVERSION = YES;
				CLANG_WARN_COMMA = YES;
				CLANG_WARN_CONSTANT_CONVERSION = YES;
				CLANG_WARN_DEPRECATED_OBJC_IMPLEMENTATIONS = YES;
				CLANG_WARN_DIRECT_OBJC_ISA_USAGE = YES_ERROR;
				CLANG_WARN_DOCUMENTATION_COMMENTS = YES;
				CLANG_WARN_EMPTY_BODY = YES;
				CLANG_WARN_ENUM_CONVERSION = YES;
				CLANG_WARN_INFINITE_RECURSION = YES;
				CLANG_WARN_INT_CONVERSION = YES;
				CLANG_WARN_NON_LITERAL_NULL_CONVERSION = YES;
				CLANG_WARN_OBJC_IMPLICIT_RETAIN_SELF = YES;
				CLANG_WARN_OBJC_LITERAL_CONVERSION = YES;
				CLANG_WARN_OBJC_ROOT_CLASS = YES_ERROR;
				CLANG_WARN_QUOTED_INCLUDE_IN_FRAMEWORK_HEADER = YES;
				CLANG_WARN_RANGE_LOOP_ANALYSIS = YES;
				CLANG_WARN_STRICT_PROTOTYPES = YES;
				CLANG_WARN_SUSPICIOUS_MOVE = YES;
				CLANG_WARN_UNGUARDED_AVAILABILITY = YES_AGGRESSIVE;
				CLANG_WARN_UNREACHABLE_CODE = YES;
				CLANG_WARN__DUPLICATE_METHOD_MATCH = YES;
				COPY_PHASE_STRIP = NO;
				DEBUG_INFORMATION_FORMAT = dwarf;
				ENABLE_STRICT_OBJC_MSGSEND = YES;
				ENABLE_TESTABILITY = YES;
				GCC_C_LANGUAGE_STANDARD = gnu11;
				GCC_DYNAMIC_NO_PIC = NO;
				GCC_NO_COMMON_BLOCKS = YES;
				GCC_OPTIMIZATION_LEVEL = 0;
				GCC_PREPROCESSOR_DEFINITIONS = (
					"DEBUG=1",
					"$(inherited)",
				);
				GCC_WARN_64_TO_32_BIT_CONVERSION = YES;
				GCC_WARN_ABOUT_RETURN_TYPE = YES_ERROR;
				GCC_WARN_UNDECLARED_SELECTOR = YES;
				GCC_WARN_UNINITIALIZED_AUTOS = YES_AGGRESSIVE;
				GCC_WARN_UNUSED_FUNCTION = YES;
				GCC_WARN_UNUSED_VARIABLE = YES;
				IPHONEOS_DEPLOYMENT_TARGET = 15.4;
				MTL_ENABLE_DEBUG_INFO = INCLUDE_SOURCE;
				MTL_FAST_MATH = YES;
				ONLY_ACTIVE_ARCH = YES;
				SDKROOT = iphoneos;
				SWIFT_ACTIVE_COMPILATION_CONDITIONS = DEBUG;
				SWIFT_OPTIMIZATION_LEVEL = "-Onone";
			};
			name = Debug;
		};
		772F12C427EE0F9E0052AF38 /* Release */ = {
			isa = XCBuildConfiguration;
			buildSettings = {
				ALWAYS_SEARCH_USER_PATHS = NO;
				CLANG_ANALYZER_NONNULL = YES;
				CLANG_ANALYZER_NUMBER_OBJECT_CONVERSION = YES_AGGRESSIVE;
				CLANG_CXX_LANGUAGE_STANDARD = "gnu++17";
				CLANG_ENABLE_MODULES = YES;
				CLANG_ENABLE_OBJC_ARC = YES;
				CLANG_ENABLE_OBJC_WEAK = YES;
				CLANG_WARN_BLOCK_CAPTURE_AUTORELEASING = YES;
				CLANG_WARN_BOOL_CONVERSION = YES;
				CLANG_WARN_COMMA = YES;
				CLANG_WARN_CONSTANT_CONVERSION = YES;
				CLANG_WARN_DEPRECATED_OBJC_IMPLEMENTATIONS = YES;
				CLANG_WARN_DIRECT_OBJC_ISA_USAGE = YES_ERROR;
				CLANG_WARN_DOCUMENTATION_COMMENTS = YES;
				CLANG_WARN_EMPTY_BODY = YES;
				CLANG_WARN_ENUM_CONVERSION = YES;
				CLANG_WARN_INFINITE_RECURSION = YES;
				CLANG_WARN_INT_CONVERSION = YES;
				CLANG_WARN_NON_LITERAL_NULL_CONVERSION = YES;
				CLANG_WARN_OBJC_IMPLICIT_RETAIN_SELF = YES;
				CLANG_WARN_OBJC_LITERAL_CONVERSION = YES;
				CLANG_WARN_OBJC_ROOT_CLASS = YES_ERROR;
				CLANG_WARN_QUOTED_INCLUDE_IN_FRAMEWORK_HEADER = YES;
				CLANG_WARN_RANGE_LOOP_ANALYSIS = YES;
				CLANG_WARN_STRICT_PROTOTYPES = YES;
				CLANG_WARN_SUSPICIOUS_MOVE = YES;
				CLANG_WARN_UNGUARDED_AVAILABILITY = YES_AGGRESSIVE;
				CLANG_WARN_UNREACHABLE_CODE = YES;
				CLANG_WARN__DUPLICATE_METHOD_MATCH = YES;
				COPY_PHASE_STRIP = NO;
				DEBUG_INFORMATION_FORMAT = "dwarf-with-dsym";
				ENABLE_NS_ASSERTIONS = NO;
				ENABLE_STRICT_OBJC_MSGSEND = YES;
				GCC_C_LANGUAGE_STANDARD = gnu11;
				GCC_NO_COMMON_BLOCKS = YES;
				GCC_WARN_64_TO_32_BIT_CONVERSION = YES;
				GCC_WARN_ABOUT_RETURN_TYPE = YES_ERROR;
				GCC_WARN_UNDECLARED_SELECTOR = YES;
				GCC_WARN_UNINITIALIZED_AUTOS = YES_AGGRESSIVE;
				GCC_WARN_UNUSED_FUNCTION = YES;
				GCC_WARN_UNUSED_VARIABLE = YES;
				IPHONEOS_DEPLOYMENT_TARGET = 15.4;
				MTL_ENABLE_DEBUG_INFO = NO;
				MTL_FAST_MATH = YES;
				SDKROOT = iphoneos;
				SWIFT_COMPILATION_MODE = wholemodule;
				SWIFT_OPTIMIZATION_LEVEL = "-O";
				VALIDATE_PRODUCT = YES;
			};
			name = Release;
		};
		772F12C627EE0F9E0052AF38 /* Debug */ = {
			isa = XCBuildConfiguration;
			baseConfigurationReference = 86E595EB6518E044F8A10C14 /* Pods-FindCoronaCenter.debug.xcconfig */;
			buildSettings = {
				ASSETCATALOG_COMPILER_APPICON_NAME = AppIcon;
				ASSETCATALOG_COMPILER_GLOBAL_ACCENT_COLOR_NAME = AccentColor;
				CODE_SIGN_STYLE = Automatic;
				CURRENT_PROJECT_VERSION = 1;
				DEVELOPMENT_ASSET_PATHS = "\"FindCoronaCenter/Preview Content\"";
				DEVELOPMENT_TEAM = 5286U5DLX4;
				ENABLE_PREVIEWS = YES;
				GENERATE_INFOPLIST_FILE = YES;
				INFOPLIST_KEY_UIApplicationSceneManifest_Generation = YES;
				INFOPLIST_KEY_UIApplicationSupportsIndirectInputEvents = YES;
				INFOPLIST_KEY_UILaunchScreen_Generation = YES;
				INFOPLIST_KEY_UISupportedInterfaceOrientations_iPad = "UIInterfaceOrientationPortrait UIInterfaceOrientationPortraitUpsideDown UIInterfaceOrientationLandscapeLeft UIInterfaceOrientationLandscapeRight";
				INFOPLIST_KEY_UISupportedInterfaceOrientations_iPhone = "UIInterfaceOrientationPortrait UIInterfaceOrientationLandscapeLeft UIInterfaceOrientationLandscapeRight";
				LD_RUNPATH_SEARCH_PATHS = (
					"$(inherited)",
					"@executable_path/Frameworks",
				);
				MARKETING_VERSION = 1.0;
				PRODUCT_BUNDLE_IDENTIFIER = kr.iosPractice.FindCoronaCenter;
				PRODUCT_NAME = "$(TARGET_NAME)";
				SWIFT_EMIT_LOC_STRINGS = YES;
				SWIFT_VERSION = 5.0;
				TARGETED_DEVICE_FAMILY = "1,2";
			};
			name = Debug;
		};
		772F12C727EE0F9E0052AF38 /* Release */ = {
			isa = XCBuildConfiguration;
			baseConfigurationReference = 7D5FF3DDDDD8F9AD5F900B15 /* Pods-FindCoronaCenter.release.xcconfig */;
			buildSettings = {
				ASSETCATALOG_COMPILER_APPICON_NAME = AppIcon;
				ASSETCATALOG_COMPILER_GLOBAL_ACCENT_COLOR_NAME = AccentColor;
				CODE_SIGN_STYLE = Automatic;
				CURRENT_PROJECT_VERSION = 1;
				DEVELOPMENT_ASSET_PATHS = "\"FindCoronaCenter/Preview Content\"";
				DEVELOPMENT_TEAM = 5286U5DLX4;
				ENABLE_PREVIEWS = YES;
				GENERATE_INFOPLIST_FILE = YES;
				INFOPLIST_KEY_UIApplicationSceneManifest_Generation = YES;
				INFOPLIST_KEY_UIApplicationSupportsIndirectInputEvents = YES;
				INFOPLIST_KEY_UILaunchScreen_Generation = YES;
				INFOPLIST_KEY_UISupportedInterfaceOrientations_iPad = "UIInterfaceOrientationPortrait UIInterfaceOrientationPortraitUpsideDown UIInterfaceOrientationLandscapeLeft UIInterfaceOrientationLandscapeRight";
				INFOPLIST_KEY_UISupportedInterfaceOrientations_iPhone = "UIInterfaceOrientationPortrait UIInterfaceOrientationLandscapeLeft UIInterfaceOrientationLandscapeRight";
				LD_RUNPATH_SEARCH_PATHS = (
					"$(inherited)",
					"@executable_path/Frameworks",
				);
				MARKETING_VERSION = 1.0;
				PRODUCT_BUNDLE_IDENTIFIER = kr.iosPractice.FindCoronaCenter;
				PRODUCT_NAME = "$(TARGET_NAME)";
				SWIFT_EMIT_LOC_STRINGS = YES;
				SWIFT_VERSION = 5.0;
				TARGETED_DEVICE_FAMILY = "1,2";
			};
			name = Release;
		};
		772F12C927EE0F9E0052AF38 /* Debug */ = {
			isa = XCBuildConfiguration;
			baseConfigurationReference = BA094A1FE7BD54B3F8C5E611 /* Pods-FindCoronaCenterTests.debug.xcconfig */;
			buildSettings = {
				ALWAYS_EMBED_SWIFT_STANDARD_LIBRARIES = YES;
				BUNDLE_LOADER = "$(TEST_HOST)";
				CODE_SIGN_STYLE = Automatic;
				CURRENT_PROJECT_VERSION = 1;
				DEVELOPMENT_TEAM = 5286U5DLX4;
				GENERATE_INFOPLIST_FILE = YES;
				IPHONEOS_DEPLOYMENT_TARGET = 15.4;
				MARKETING_VERSION = 1.0;
				PRODUCT_BUNDLE_IDENTIFIER = kr.iosPractice.FindCoronaCenterTests;
				PRODUCT_NAME = "$(TARGET_NAME)";
				SWIFT_EMIT_LOC_STRINGS = NO;
				SWIFT_VERSION = 5.0;
				TARGETED_DEVICE_FAMILY = "1,2";
				TEST_HOST = "$(BUILT_PRODUCTS_DIR)/FindCoronaCenter.app/FindCoronaCenter";
			};
			name = Debug;
		};
		772F12CA27EE0F9E0052AF38 /* Release */ = {
			isa = XCBuildConfiguration;
			baseConfigurationReference = 8F62D65A86F2FA0CE13AD6A4 /* Pods-FindCoronaCenterTests.release.xcconfig */;
			buildSettings = {
				ALWAYS_EMBED_SWIFT_STANDARD_LIBRARIES = YES;
				BUNDLE_LOADER = "$(TEST_HOST)";
				CODE_SIGN_STYLE = Automatic;
				CURRENT_PROJECT_VERSION = 1;
				DEVELOPMENT_TEAM = 5286U5DLX4;
				GENERATE_INFOPLIST_FILE = YES;
				IPHONEOS_DEPLOYMENT_TARGET = 15.4;
				MARKETING_VERSION = 1.0;
				PRODUCT_BUNDLE_IDENTIFIER = kr.iosPractice.FindCoronaCenterTests;
				PRODUCT_NAME = "$(TARGET_NAME)";
				SWIFT_EMIT_LOC_STRINGS = NO;
				SWIFT_VERSION = 5.0;
				TARGETED_DEVICE_FAMILY = "1,2";
				TEST_HOST = "$(BUILT_PRODUCTS_DIR)/FindCoronaCenter.app/FindCoronaCenter";
			};
			name = Release;
		};
		772F12CC27EE0F9E0052AF38 /* Debug */ = {
			isa = XCBuildConfiguration;
			baseConfigurationReference = C1C54054C0B8AC2E4387BDE5 /* Pods-FindCoronaCenter-FindCoronaCenterUITests.debug.xcconfig */;
			buildSettings = {
				ALWAYS_EMBED_SWIFT_STANDARD_LIBRARIES = YES;
				CODE_SIGN_STYLE = Automatic;
				CURRENT_PROJECT_VERSION = 1;
				DEVELOPMENT_TEAM = 5286U5DLX4;
				GENERATE_INFOPLIST_FILE = YES;
				MARKETING_VERSION = 1.0;
				PRODUCT_BUNDLE_IDENTIFIER = kr.iosPractice.FindCoronaCenterUITests;
				PRODUCT_NAME = "$(TARGET_NAME)";
				SWIFT_EMIT_LOC_STRINGS = NO;
				SWIFT_VERSION = 5.0;
				TARGETED_DEVICE_FAMILY = "1,2";
				TEST_TARGET_NAME = FindCoronaCenter;
			};
			name = Debug;
		};
		772F12CD27EE0F9E0052AF38 /* Release */ = {
			isa = XCBuildConfiguration;
			baseConfigurationReference = 78026464900E5FAA36AC7817 /* Pods-FindCoronaCenter-FindCoronaCenterUITests.release.xcconfig */;
			buildSettings = {
				ALWAYS_EMBED_SWIFT_STANDARD_LIBRARIES = YES;
				CODE_SIGN_STYLE = Automatic;
				CURRENT_PROJECT_VERSION = 1;
				DEVELOPMENT_TEAM = 5286U5DLX4;
				GENERATE_INFOPLIST_FILE = YES;
				MARKETING_VERSION = 1.0;
				PRODUCT_BUNDLE_IDENTIFIER = kr.iosPractice.FindCoronaCenterUITests;
				PRODUCT_NAME = "$(TARGET_NAME)";
				SWIFT_EMIT_LOC_STRINGS = NO;
				SWIFT_VERSION = 5.0;
				TARGETED_DEVICE_FAMILY = "1,2";
				TEST_TARGET_NAME = FindCoronaCenter;
			};
			name = Release;
		};
/* End XCBuildConfiguration section */

/* Begin XCConfigurationList section */
		772F129C27EE0F9D0052AF38 /* Build configuration list for PBXProject "FindCoronaCenter" */ = {
			isa = XCConfigurationList;
			buildConfigurations = (
				772F12C327EE0F9E0052AF38 /* Debug */,
				772F12C427EE0F9E0052AF38 /* Release */,
			);
			defaultConfigurationIsVisible = 0;
			defaultConfigurationName = Release;
		};
		772F12C527EE0F9E0052AF38 /* Build configuration list for PBXNativeTarget "FindCoronaCenter" */ = {
			isa = XCConfigurationList;
			buildConfigurations = (
				772F12C627EE0F9E0052AF38 /* Debug */,
				772F12C727EE0F9E0052AF38 /* Release */,
			);
			defaultConfigurationIsVisible = 0;
			defaultConfigurationName = Release;
		};
		772F12C827EE0F9E0052AF38 /* Build configuration list for PBXNativeTarget "FindCoronaCenterTests" */ = {
			isa = XCConfigurationList;
			buildConfigurations = (
				772F12C927EE0F9E0052AF38 /* Debug */,
				772F12CA27EE0F9E0052AF38 /* Release */,
			);
			defaultConfigurationIsVisible = 0;
			defaultConfigurationName = Release;
		};
		772F12CB27EE0F9E0052AF38 /* Build configuration list for PBXNativeTarget "FindCoronaCenterUITests" */ = {
			isa = XCConfigurationList;
			buildConfigurations = (
				772F12CC27EE0F9E0052AF38 /* Debug */,
				772F12CD27EE0F9E0052AF38 /* Release */,
			);
			defaultConfigurationIsVisible = 0;
			defaultConfigurationName = Release;
		};
/* End XCConfigurationList section */
	};
	rootObject = 772F129927EE0F9D0052AF38 /* Project object */;
}
