// !$*UTF8*$!
{
	archiveVersion = 1;
	classes = {
	};
	objectVersion = 55;
	objects = {

/* Begin PBXBuildFile section */
		777DC52827FC6D0600D03FE5 /* swiftUI_memoAppApp.swift in Sources */ = {isa = PBXBuildFile; fileRef = 777DC52727FC6D0600D03FE5 /* swiftUI_memoAppApp.swift */; };
		777DC52C27FC6D0700D03FE5 /* Assets.xcassets in Resources */ = {isa = PBXBuildFile; fileRef = 777DC52B27FC6D0700D03FE5 /* Assets.xcassets */; };
		777DC52F27FC6D0700D03FE5 /* Preview Assets.xcassets in Resources */ = {isa = PBXBuildFile; fileRef = 777DC52E27FC6D0700D03FE5 /* Preview Assets.xcassets */; };
		777DC53127FC6D0700D03FE5 /* Persistence.swift in Sources */ = {isa = PBXBuildFile; fileRef = 777DC53027FC6D0700D03FE5 /* Persistence.swift */; };
		777DC53427FC6D0700D03FE5 /* swiftUI_memoApp.xcdatamodeld in Sources */ = {isa = PBXBuildFile; fileRef = 777DC53227FC6D0700D03FE5 /* swiftUI_memoApp.xcdatamodeld */; };
		777DC53B27FC6D3F00D03FE5 /* MainListView.swift in Sources */ = {isa = PBXBuildFile; fileRef = 777DC53A27FC6D3F00D03FE5 /* MainListView.swift */; };
		777DC54027FC728F00D03FE5 /* Memo.swift in Sources */ = {isa = PBXBuildFile; fileRef = 777DC53F27FC728F00D03FE5 /* Memo.swift */; };
		777DC54227FC73BC00D03FE5 /* MemoStore.swift in Sources */ = {isa = PBXBuildFile; fileRef = 777DC54127FC73BC00D03FE5 /* MemoStore.swift */; };
		777DC54527FC966700D03FE5 /* MemoCell.swift in Sources */ = {isa = PBXBuildFile; fileRef = 777DC54427FC966700D03FE5 /* MemoCell.swift */; };
		777DC54727FC972600D03FE5 /* ComposeView.swift in Sources */ = {isa = PBXBuildFile; fileRef = 777DC54627FC972600D03FE5 /* ComposeView.swift */; };
		777DC54927FC9CF500D03FE5 /* DetailView.swift in Sources */ = {isa = PBXBuildFile; fileRef = 777DC54827FC9CF500D03FE5 /* DetailView.swift */; };
/* End PBXBuildFile section */

/* Begin PBXFileReference section */
		777DC52427FC6D0600D03FE5 /* swiftUI_memoApp.app */ = {isa = PBXFileReference; explicitFileType = wrapper.application; includeInIndex = 0; path = swiftUI_memoApp.app; sourceTree = BUILT_PRODUCTS_DIR; };
		777DC52727FC6D0600D03FE5 /* swiftUI_memoAppApp.swift */ = {isa = PBXFileReference; lastKnownFileType = sourcecode.swift; path = swiftUI_memoAppApp.swift; sourceTree = "<group>"; };
		777DC52B27FC6D0700D03FE5 /* Assets.xcassets */ = {isa = PBXFileReference; lastKnownFileType = folder.assetcatalog; path = Assets.xcassets; sourceTree = "<group>"; };
		777DC52E27FC6D0700D03FE5 /* Preview Assets.xcassets */ = {isa = PBXFileReference; lastKnownFileType = folder.assetcatalog; path = "Preview Assets.xcassets"; sourceTree = "<group>"; };
		777DC53027FC6D0700D03FE5 /* Persistence.swift */ = {isa = PBXFileReference; lastKnownFileType = sourcecode.swift; path = Persistence.swift; sourceTree = "<group>"; };
		777DC53327FC6D0700D03FE5 /* swiftUI_memoApp.xcdatamodel */ = {isa = PBXFileReference; lastKnownFileType = wrapper.xcdatamodel; path = swiftUI_memoApp.xcdatamodel; sourceTree = "<group>"; };
		777DC53A27FC6D3F00D03FE5 /* MainListView.swift */ = {isa = PBXFileReference; lastKnownFileType = sourcecode.swift; path = MainListView.swift; sourceTree = "<group>"; };
		777DC53F27FC728F00D03FE5 /* Memo.swift */ = {isa = PBXFileReference; lastKnownFileType = sourcecode.swift; path = Memo.swift; sourceTree = "<group>"; };
		777DC54127FC73BC00D03FE5 /* MemoStore.swift */ = {isa = PBXFileReference; lastKnownFileType = sourcecode.swift; path = MemoStore.swift; sourceTree = "<group>"; };
		777DC54427FC966700D03FE5 /* MemoCell.swift */ = {isa = PBXFileReference; lastKnownFileType = sourcecode.swift; path = MemoCell.swift; sourceTree = "<group>"; };
		777DC54627FC972600D03FE5 /* ComposeView.swift */ = {isa = PBXFileReference; lastKnownFileType = sourcecode.swift; path = ComposeView.swift; sourceTree = "<group>"; };
		777DC54827FC9CF500D03FE5 /* DetailView.swift */ = {isa = PBXFileReference; lastKnownFileType = sourcecode.swift; path = DetailView.swift; sourceTree = "<group>"; };
/* End PBXFileReference section */

/* Begin PBXFrameworksBuildPhase section */
		777DC52127FC6D0600D03FE5 /* Frameworks */ = {
			isa = PBXFrameworksBuildPhase;
			buildActionMask = 2147483647;
			files = (
			);
			runOnlyForDeploymentPostprocessing = 0;
		};
/* End PBXFrameworksBuildPhase section */

/* Begin PBXGroup section */
		777DC51B27FC6D0600D03FE5 = {
			isa = PBXGroup;
			children = (
				777DC52627FC6D0600D03FE5 /* swiftUI_memoApp */,
				777DC52527FC6D0600D03FE5 /* Products */,
			);
			sourceTree = "<group>";
		};
		777DC52527FC6D0600D03FE5 /* Products */ = {
			isa = PBXGroup;
			children = (
				777DC52427FC6D0600D03FE5 /* swiftUI_memoApp.app */,
			);
			name = Products;
			sourceTree = "<group>";
		};
		777DC52627FC6D0600D03FE5 /* swiftUI_memoApp */ = {
			isa = PBXGroup;
			children = (
				777DC54327FC965300D03FE5 /* View */,
				777DC53E27FC6DE900D03FE5 /* Memory */,
				777DC53C27FC6D8400D03FE5 /* CoreData */,
				777DC52727FC6D0600D03FE5 /* swiftUI_memoAppApp.swift */,
				777DC52B27FC6D0700D03FE5 /* Assets.xcassets */,
				777DC52D27FC6D0700D03FE5 /* Preview Content */,
			);
			path = swiftUI_memoApp;
			sourceTree = "<group>";
		};
		777DC52D27FC6D0700D03FE5 /* Preview Content */ = {
			isa = PBXGroup;
			children = (
				777DC52E27FC6D0700D03FE5 /* Preview Assets.xcassets */,
			);
			path = "Preview Content";
			sourceTree = "<group>";
		};
		777DC53C27FC6D8400D03FE5 /* CoreData */ = {
			isa = PBXGroup;
			children = (
				777DC53027FC6D0700D03FE5 /* Persistence.swift */,
				777DC53227FC6D0700D03FE5 /* swiftUI_memoApp.xcdatamodeld */,
			);
			path = CoreData;
			sourceTree = "<group>";
		};
		777DC53E27FC6DE900D03FE5 /* Memory */ = {
			isa = PBXGroup;
			children = (
				777DC53F27FC728F00D03FE5 /* Memo.swift */,
				777DC54127FC73BC00D03FE5 /* MemoStore.swift */,
			);
			path = Memory;
			sourceTree = "<group>";
		};
		777DC54327FC965300D03FE5 /* View */ = {
			isa = PBXGroup;
			children = (
				777DC54427FC966700D03FE5 /* MemoCell.swift */,
				777DC53A27FC6D3F00D03FE5 /* MainListView.swift */,
				777DC54627FC972600D03FE5 /* ComposeView.swift */,
				777DC54827FC9CF500D03FE5 /* DetailView.swift */,
			);
			path = View;
			sourceTree = "<group>";
		};
/* End PBXGroup section */

/* Begin PBXNativeTarget section */
		777DC52327FC6D0600D03FE5 /* swiftUI_memoApp */ = {
			isa = PBXNativeTarget;
			buildConfigurationList = 777DC53727FC6D0700D03FE5 /* Build configuration list for PBXNativeTarget "swiftUI_memoApp" */;
			buildPhases = (
				777DC52027FC6D0600D03FE5 /* Sources */,
				777DC52127FC6D0600D03FE5 /* Frameworks */,
				777DC52227FC6D0600D03FE5 /* Resources */,
			);
			buildRules = (
			);
			dependencies = (
			);
			name = swiftUI_memoApp;
			productName = swiftUI_memoApp;
			productReference = 777DC52427FC6D0600D03FE5 /* swiftUI_memoApp.app */;
			productType = "com.apple.product-type.application";
		};
/* End PBXNativeTarget section */

/* Begin PBXProject section */
		777DC51C27FC6D0600D03FE5 /* Project object */ = {
			isa = PBXProject;
			attributes = {
				BuildIndependentTargetsInParallel = 1;
				LastSwiftUpdateCheck = 1330;
				LastUpgradeCheck = 1330;
				TargetAttributes = {
					777DC52327FC6D0600D03FE5 = {
						CreatedOnToolsVersion = 13.3;
					};
				};
			};
			buildConfigurationList = 777DC51F27FC6D0600D03FE5 /* Build configuration list for PBXProject "swiftUI_memoApp" */;
			compatibilityVersion = "Xcode 13.0";
			developmentRegion = en;
			hasScannedForEncodings = 0;
			knownRegions = (
				en,
				Base,
			);
			mainGroup = 777DC51B27FC6D0600D03FE5;
			productRefGroup = 777DC52527FC6D0600D03FE5 /* Products */;
			projectDirPath = "";
			projectRoot = "";
			targets = (
				777DC52327FC6D0600D03FE5 /* swiftUI_memoApp */,
			);
		};
/* End PBXProject section */

/* Begin PBXResourcesBuildPhase section */
		777DC52227FC6D0600D03FE5 /* Resources */ = {
			isa = PBXResourcesBuildPhase;
			buildActionMask = 2147483647;
			files = (
				777DC52F27FC6D0700D03FE5 /* Preview Assets.xcassets in Resources */,
				777DC52C27FC6D0700D03FE5 /* Assets.xcassets in Resources */,
			);
			runOnlyForDeploymentPostprocessing = 0;
		};
/* End PBXResourcesBuildPhase section */

/* Begin PBXSourcesBuildPhase section */
		777DC52027FC6D0600D03FE5 /* Sources */ = {
			isa = PBXSourcesBuildPhase;
			buildActionMask = 2147483647;
			files = (
				777DC54527FC966700D03FE5 /* MemoCell.swift in Sources */,
				777DC54927FC9CF500D03FE5 /* DetailView.swift in Sources */,
				777DC53127FC6D0700D03FE5 /* Persistence.swift in Sources */,
				777DC54227FC73BC00D03FE5 /* MemoStore.swift in Sources */,
				777DC53B27FC6D3F00D03FE5 /* MainListView.swift in Sources */,
				777DC53427FC6D0700D03FE5 /* swiftUI_memoApp.xcdatamodeld in Sources */,
				777DC54727FC972600D03FE5 /* ComposeView.swift in Sources */,
				777DC52827FC6D0600D03FE5 /* swiftUI_memoAppApp.swift in Sources */,
				777DC54027FC728F00D03FE5 /* Memo.swift in Sources */,
			);
			runOnlyForDeploymentPostprocessing = 0;
		};
/* End PBXSourcesBuildPhase section */

/* Begin XCBuildConfiguration section */
		777DC53527FC6D0700D03FE5 /* Debug */ = {
			isa = XCBuildConfiguration;
			buildSettings = {
				ALWAYS_SEARCH_USER_PATHS = NO;
				CLANG_ANALYZER_NONNULL = YES;
				CLANG_ANALYZER_NUMBER_OBJECT_CONVERSION = YES_AGGRESSIVE;
				CLANG_CXX_LANGUAGE_STANDARD = "gnu++17";
				CLANG_ENABLE_MODULES = YES;
				CLANG_ENABLE_OBJC_ARC = YES;
				CLANG_ENABLE_OBJC_WEAK = YES;
				CLANG_WARN_BLOCK_CAPTURE_AUTORELEASING = YES;
				CLANG_WARN_BOOL_CONVERSION = YES;
				CLANG_WARN_COMMA = YES;
				CLANG_WARN_CONSTANT_CONVERSION = YES;
				CLANG_WARN_DEPRECATED_OBJC_IMPLEMENTATIONS = YES;
				CLANG_WARN_DIRECT_OBJC_ISA_USAGE = YES_ERROR;
				CLANG_WARN_DOCUMENTATION_COMMENTS = YES;
				CLANG_WARN_EMPTY_BODY = YES;
				CLANG_WARN_ENUM_CONVERSION = YES;
				CLANG_WARN_INFINITE_RECURSION = YES;
				CLANG_WARN_INT_CONVERSION = YES;
				CLANG_WARN_NON_LITERAL_NULL_CONVERSION = YES;
				CLANG_WARN_OBJC_IMPLICIT_RETAIN_SELF = YES;
				CLANG_WARN_OBJC_LITERAL_CONVERSION = YES;
				CLANG_WARN_OBJC_ROOT_CLASS = YES_ERROR;
				CLANG_WARN_QUOTED_INCLUDE_IN_FRAMEWORK_HEADER = YES;
				CLANG_WARN_RANGE_LOOP_ANALYSIS = YES;
				CLANG_WARN_STRICT_PROTOTYPES = YES;
				CLANG_WARN_SUSPICIOUS_MOVE = YES;
				CLANG_WARN_UNGUARDED_AVAILABILITY = YES_AGGRESSIVE;
				CLANG_WARN_UNREACHABLE_CODE = YES;
				CLANG_WARN__DUPLICATE_METHOD_MATCH = YES;
				COPY_PHASE_STRIP = NO;
				DEBUG_INFORMATION_FORMAT = dwarf;
				ENABLE_STRICT_OBJC_MSGSEND = YES;
				ENABLE_TESTABILITY = YES;
				GCC_C_LANGUAGE_STANDARD = gnu11;
				GCC_DYNAMIC_NO_PIC = NO;
				GCC_NO_COMMON_BLOCKS = YES;
				GCC_OPTIMIZATION_LEVEL = 0;
				GCC_PREPROCESSOR_DEFINITIONS = (
					"DEBUG=1",
					"$(inherited)",
				);
				GCC_WARN_64_TO_32_BIT_CONVERSION = YES;
				GCC_WARN_ABOUT_RETURN_TYPE = YES_ERROR;
				GCC_WARN_UNDECLARED_SELECTOR = YES;
				GCC_WARN_UNINITIALIZED_AUTOS = YES_AGGRESSIVE;
				GCC_WARN_UNUSED_FUNCTION = YES;
				GCC_WARN_UNUSED_VARIABLE = YES;
				IPHONEOS_DEPLOYMENT_TARGET = 15.4;
				MTL_ENABLE_DEBUG_INFO = INCLUDE_SOURCE;
				MTL_FAST_MATH = YES;
				ONLY_ACTIVE_ARCH = YES;
				SDKROOT = iphoneos;
				SWIFT_ACTIVE_COMPILATION_CONDITIONS = DEBUG;
				SWIFT_OPTIMIZATION_LEVEL = "-Onone";
			};
			name = Debug;
		};
		777DC53627FC6D0700D03FE5 /* Release */ = {
			isa = XCBuildConfiguration;
			buildSettings = {
				ALWAYS_SEARCH_USER_PATHS = NO;
				CLANG_ANALYZER_NONNULL = YES;
				CLANG_ANALYZER_NUMBER_OBJECT_CONVERSION = YES_AGGRESSIVE;
				CLANG_CXX_LANGUAGE_STANDARD = "gnu++17";
				CLANG_ENABLE_MODULES = YES;
				CLANG_ENABLE_OBJC_ARC = YES;
				CLANG_ENABLE_OBJC_WEAK = YES;
				CLANG_WARN_BLOCK_CAPTURE_AUTORELEASING = YES;
				CLANG_WARN_BOOL_CONVERSION = YES;
				CLANG_WARN_COMMA = YES;
				CLANG_WARN_CONSTANT_CONVERSION = YES;
				CLANG_WARN_DEPRECATED_OBJC_IMPLEMENTATIONS = YES;
				CLANG_WARN_DIRECT_OBJC_ISA_USAGE = YES_ERROR;
				CLANG_WARN_DOCUMENTATION_COMMENTS = YES;
				CLANG_WARN_EMPTY_BODY = YES;
				CLANG_WARN_ENUM_CONVERSION = YES;
				CLANG_WARN_INFINITE_RECURSION = YES;
				CLANG_WARN_INT_CONVERSION = YES;
				CLANG_WARN_NON_LITERAL_NULL_CONVERSION = YES;
				CLANG_WARN_OBJC_IMPLICIT_RETAIN_SELF = YES;
				CLANG_WARN_OBJC_LITERAL_CONVERSION = YES;
				CLANG_WARN_OBJC_ROOT_CLASS = YES_ERROR;
				CLANG_WARN_QUOTED_INCLUDE_IN_FRAMEWORK_HEADER = YES;
				CLANG_WARN_RANGE_LOOP_ANALYSIS = YES;
				CLANG_WARN_STRICT_PROTOTYPES = YES;
				CLANG_WARN_SUSPICIOUS_MOVE = YES;
				CLANG_WARN_UNGUARDED_AVAILABILITY = YES_AGGRESSIVE;
				CLANG_WARN_UNREACHABLE_CODE = YES;
				CLANG_WARN__DUPLICATE_METHOD_MATCH = YES;
				COPY_PHASE_STRIP = NO;
				DEBUG_INFORMATION_FORMAT = "dwarf-with-dsym";
				ENABLE_NS_ASSERTIONS = NO;
				ENABLE_STRICT_OBJC_MSGSEND = YES;
				GCC_C_LANGUAGE_STANDARD = gnu11;
				GCC_NO_COMMON_BLOCKS = YES;
				GCC_WARN_64_TO_32_BIT_CONVERSION = YES;
				GCC_WARN_ABOUT_RETURN_TYPE = YES_ERROR;
				GCC_WARN_UNDECLARED_SELECTOR = YES;
				GCC_WARN_UNINITIALIZED_AUTOS = YES_AGGRESSIVE;
				GCC_WARN_UNUSED_FUNCTION = YES;
				GCC_WARN_UNUSED_VARIABLE = YES;
				IPHONEOS_DEPLOYMENT_TARGET = 15.4;
				MTL_ENABLE_DEBUG_INFO = NO;
				MTL_FAST_MATH = YES;
				SDKROOT = iphoneos;
				SWIFT_COMPILATION_MODE = wholemodule;
				SWIFT_OPTIMIZATION_LEVEL = "-O";
				VALIDATE_PRODUCT = YES;
			};
			name = Release;
		};
		777DC53827FC6D0700D03FE5 /* Debug */ = {
			isa = XCBuildConfiguration;
			buildSettings = {
				ASSETCATALOG_COMPILER_APPICON_NAME = AppIcon;
				ASSETCATALOG_COMPILER_GLOBAL_ACCENT_COLOR_NAME = AccentColor;
				CODE_SIGN_STYLE = Automatic;
				CURRENT_PROJECT_VERSION = 1;
				DEVELOPMENT_ASSET_PATHS = "\"swiftUI_memoApp/Preview Content\"";
				DEVELOPMENT_TEAM = 5286U5DLX4;
				ENABLE_PREVIEWS = YES;
				GENERATE_INFOPLIST_FILE = YES;
				INFOPLIST_KEY_UIApplicationSceneManifest_Generation = YES;
				INFOPLIST_KEY_UIApplicationSupportsIndirectInputEvents = YES;
				INFOPLIST_KEY_UILaunchScreen_Generation = YES;
				INFOPLIST_KEY_UISupportedInterfaceOrientations_iPad = "UIInterfaceOrientationPortrait UIInterfaceOrientationPortraitUpsideDown UIInterfaceOrientationLandscapeLeft UIInterfaceOrientationLandscapeRight";
				INFOPLIST_KEY_UISupportedInterfaceOrientations_iPhone = "UIInterfaceOrientationPortrait UIInterfaceOrientationLandscapeLeft UIInterfaceOrientationLandscapeRight";
				LD_RUNPATH_SEARCH_PATHS = (
					"$(inherited)",
					"@executable_path/Frameworks",
				);
				MARKETING_VERSION = 1.0;
				PRODUCT_BUNDLE_IDENTIFIER = "kr.iosPractice.swiftUI-memoApp";
				PRODUCT_NAME = "$(TARGET_NAME)";
				SWIFT_EMIT_LOC_STRINGS = YES;
				SWIFT_VERSION = 5.0;
				TARGETED_DEVICE_FAMILY = "1,2";
			};
			name = Debug;
		};
		777DC53927FC6D0700D03FE5 /* Release */ = {
			isa = XCBuildConfiguration;
			buildSettings = {
				ASSETCATALOG_COMPILER_APPICON_NAME = AppIcon;
				ASSETCATALOG_COMPILER_GLOBAL_ACCENT_COLOR_NAME = AccentColor;
				CODE_SIGN_STYLE = Automatic;
				CURRENT_PROJECT_VERSION = 1;
				DEVELOPMENT_ASSET_PATHS = "\"swiftUI_memoApp/Preview Content\"";
				DEVELOPMENT_TEAM = 5286U5DLX4;
				ENABLE_PREVIEWS = YES;
				GENERATE_INFOPLIST_FILE = YES;
				INFOPLIST_KEY_UIApplicationSceneManifest_Generation = YES;
				INFOPLIST_KEY_UIApplicationSupportsIndirectInputEvents = YES;
				INFOPLIST_KEY_UILaunchScreen_Generation = YES;
				INFOPLIST_KEY_UISupportedInterfaceOrientations_iPad = "UIInterfaceOrientationPortrait UIInterfaceOrientationPortraitUpsideDown UIInterfaceOrientationLandscapeLeft UIInterfaceOrientationLandscapeRight";
				INFOPLIST_KEY_UISupportedInterfaceOrientations_iPhone = "UIInterfaceOrientationPortrait UIInterfaceOrientationLandscapeLeft UIInterfaceOrientationLandscapeRight";
				LD_RUNPATH_SEARCH_PATHS = (
					"$(inherited)",
					"@executable_path/Frameworks",
				);
				MARKETING_VERSION = 1.0;
				PRODUCT_BUNDLE_IDENTIFIER = "kr.iosPractice.swiftUI-memoApp";
				PRODUCT_NAME = "$(TARGET_NAME)";
				SWIFT_EMIT_LOC_STRINGS = YES;
				SWIFT_VERSION = 5.0;
				TARGETED_DEVICE_FAMILY = "1,2";
			};
			name = Release;
		};
/* End XCBuildConfiguration section */

/* Begin XCConfigurationList section */
		777DC51F27FC6D0600D03FE5 /* Build configuration list for PBXProject "swiftUI_memoApp" */ = {
			isa = XCConfigurationList;
			buildConfigurations = (
				777DC53527FC6D0700D03FE5 /* Debug */,
				777DC53627FC6D0700D03FE5 /* Release */,
			);
			defaultConfigurationIsVisible = 0;
			defaultConfigurationName = Release;
		};
		777DC53727FC6D0700D03FE5 /* Build configuration list for PBXNativeTarget "swiftUI_memoApp" */ = {
			isa = XCConfigurationList;
			buildConfigurations = (
				777DC53827FC6D0700D03FE5 /* Debug */,
				777DC53927FC6D0700D03FE5 /* Release */,
			);
			defaultConfigurationIsVisible = 0;
			defaultConfigurationName = Release;
		};
/* End XCConfigurationList section */

/* Begin XCVersionGroup section */
		777DC53227FC6D0700D03FE5 /* swiftUI_memoApp.xcdatamodeld */ = {
			isa = XCVersionGroup;
			children = (
				777DC53327FC6D0700D03FE5 /* swiftUI_memoApp.xcdatamodel */,
			);
			currentVersion = 777DC53327FC6D0700D03FE5 /* swiftUI_memoApp.xcdatamodel */;
			path = swiftUI_memoApp.xcdatamodeld;
			sourceTree = "<group>";
			versionGroupType = wrapper.xcdatamodel;
		};
/* End XCVersionGroup section */
	};
	rootObject = 777DC51C27FC6D0600D03FE5 /* Project object */;
}
