// !$*UTF8*$!
{
	archiveVersion = 1;
	classes = {
	};
	objectVersion = 55;
	objects = {

/* Begin PBXBuildFile section */
		770B707D27EC520000784482 /* SwiftUIPracticeApp.swift in Sources */ = {isa = PBXBuildFile; fileRef = 770B707C27EC520000784482 /* SwiftUIPracticeApp.swift */; };
		770B707F27EC520000784482 /* ContentView.swift in Sources */ = {isa = PBXBuildFile; fileRef = 770B707E27EC520000784482 /* ContentView.swift */; };
		770B708127EC520100784482 /* Assets.xcassets in Resources */ = {isa = PBXBuildFile; fileRef = 770B708027EC520100784482 /* Assets.xcassets */; };
		770B708427EC520100784482 /* Preview Assets.xcassets in Resources */ = {isa = PBXBuildFile; fileRef = 770B708327EC520100784482 /* Preview Assets.xcassets */; };
		770B708E27EC520100784482 /* SwiftUIPracticeTests.swift in Sources */ = {isa = PBXBuildFile; fileRef = 770B708D27EC520100784482 /* SwiftUIPracticeTests.swift */; };
		770B709827EC520100784482 /* SwiftUIPracticeUITests.swift in Sources */ = {isa = PBXBuildFile; fileRef = 770B709727EC520100784482 /* SwiftUIPracticeUITests.swift */; };
		770B709A27EC520100784482 /* SwiftUIPracticeUITestsLaunchTests.swift in Sources */ = {isa = PBXBuildFile; fileRef = 770B709927EC520100784482 /* SwiftUIPracticeUITestsLaunchTests.swift */; };
		770B70A927EC523500784482 /* MyView.swift in Sources */ = {isa = PBXBuildFile; fileRef = 770B70A827EC523500784482 /* MyView.swift */; };
		7F2305CA8A53BDD73E61C8FE /* Pods_SwiftUIPractice_SwiftUIPracticeUITests.framework in Frameworks */ = {isa = PBXBuildFile; fileRef = A4AA18DD3236D0E47151E615 /* Pods_SwiftUIPractice_SwiftUIPracticeUITests.framework */; };
		AD38C1B8C0858A1F11054803 /* Pods_SwiftUIPractice.framework in Frameworks */ = {isa = PBXBuildFile; fileRef = F502D80B3ACC66F159D51C63 /* Pods_SwiftUIPractice.framework */; };
		D655F88A628951C80A1C49F9 /* Pods_SwiftUIPracticeTests.framework in Frameworks */ = {isa = PBXBuildFile; fileRef = 86258818E82BC85442DC2AFB /* Pods_SwiftUIPracticeTests.framework */; };
/* End PBXBuildFile section */

/* Begin PBXContainerItemProxy section */
		770B708A27EC520100784482 /* PBXContainerItemProxy */ = {
			isa = PBXContainerItemProxy;
			containerPortal = 770B707127EC520000784482 /* Project object */;
			proxyType = 1;
			remoteGlobalIDString = 770B707827EC520000784482;
			remoteInfo = SwiftUIPractice;
		};
		770B709427EC520100784482 /* PBXContainerItemProxy */ = {
			isa = PBXContainerItemProxy;
			containerPortal = 770B707127EC520000784482 /* Project object */;
			proxyType = 1;
			remoteGlobalIDString = 770B707827EC520000784482;
			remoteInfo = SwiftUIPractice;
		};
/* End PBXContainerItemProxy section */

/* Begin PBXFileReference section */
		0BDB594509F18577BA38ABBD /* Pods-SwiftUIPracticeTests.release.xcconfig */ = {isa = PBXFileReference; includeInIndex = 1; lastKnownFileType = text.xcconfig; name = "Pods-SwiftUIPracticeTests.release.xcconfig"; path = "Target Support Files/Pods-SwiftUIPracticeTests/Pods-SwiftUIPracticeTests.release.xcconfig"; sourceTree = "<group>"; };
		10FE50FC4B3D8F900096AD6A /* Pods-SwiftUIPractice-SwiftUIPracticeUITests.debug.xcconfig */ = {isa = PBXFileReference; includeInIndex = 1; lastKnownFileType = text.xcconfig; name = "Pods-SwiftUIPractice-SwiftUIPracticeUITests.debug.xcconfig"; path = "Target Support Files/Pods-SwiftUIPractice-SwiftUIPracticeUITests/Pods-SwiftUIPractice-SwiftUIPracticeUITests.debug.xcconfig"; sourceTree = "<group>"; };
		1AE5C1D482E88AF21D3D8D1B /* Pods-SwiftUIPracticeTests.debug.xcconfig */ = {isa = PBXFileReference; includeInIndex = 1; lastKnownFileType = text.xcconfig; name = "Pods-SwiftUIPracticeTests.debug.xcconfig"; path = "Target Support Files/Pods-SwiftUIPracticeTests/Pods-SwiftUIPracticeTests.debug.xcconfig"; sourceTree = "<group>"; };
		770B707927EC520000784482 /* SwiftUIPractice.app */ = {isa = PBXFileReference; explicitFileType = wrapper.application; includeInIndex = 0; path = SwiftUIPractice.app; sourceTree = BUILT_PRODUCTS_DIR; };
		770B707C27EC520000784482 /* SwiftUIPracticeApp.swift */ = {isa = PBXFileReference; lastKnownFileType = sourcecode.swift; path = SwiftUIPracticeApp.swift; sourceTree = "<group>"; };
		770B707E27EC520000784482 /* ContentView.swift */ = {isa = PBXFileReference; lastKnownFileType = sourcecode.swift; path = ContentView.swift; sourceTree = "<group>"; };
		770B708027EC520100784482 /* Assets.xcassets */ = {isa = PBXFileReference; lastKnownFileType = folder.assetcatalog; path = Assets.xcassets; sourceTree = "<group>"; };
		770B708327EC520100784482 /* Preview Assets.xcassets */ = {isa = PBXFileReference; lastKnownFileType = folder.assetcatalog; path = "Preview Assets.xcassets"; sourceTree = "<group>"; };
		770B708927EC520100784482 /* SwiftUIPracticeTests.xctest */ = {isa = PBXFileReference; explicitFileType = wrapper.cfbundle; includeInIndex = 0; path = SwiftUIPracticeTests.xctest; sourceTree = BUILT_PRODUCTS_DIR; };
		770B708D27EC520100784482 /* SwiftUIPracticeTests.swift */ = {isa = PBXFileReference; lastKnownFileType = sourcecode.swift; path = SwiftUIPracticeTests.swift; sourceTree = "<group>"; };
		770B709327EC520100784482 /* SwiftUIPracticeUITests.xctest */ = {isa = PBXFileReference; explicitFileType = wrapper.cfbundle; includeInIndex = 0; path = SwiftUIPracticeUITests.xctest; sourceTree = BUILT_PRODUCTS_DIR; };
		770B709727EC520100784482 /* SwiftUIPracticeUITests.swift */ = {isa = PBXFileReference; lastKnownFileType = sourcecode.swift; path = SwiftUIPracticeUITests.swift; sourceTree = "<group>"; };
		770B709927EC520100784482 /* SwiftUIPracticeUITestsLaunchTests.swift */ = {isa = PBXFileReference; lastKnownFileType = sourcecode.swift; path = SwiftUIPracticeUITestsLaunchTests.swift; sourceTree = "<group>"; };
		770B70A827EC523500784482 /* MyView.swift */ = {isa = PBXFileReference; lastKnownFileType = sourcecode.swift; path = MyView.swift; sourceTree = "<group>"; };
		86258818E82BC85442DC2AFB /* Pods_SwiftUIPracticeTests.framework */ = {isa = PBXFileReference; explicitFileType = wrapper.framework; includeInIndex = 0; path = Pods_SwiftUIPracticeTests.framework; sourceTree = BUILT_PRODUCTS_DIR; };
		A4AA18DD3236D0E47151E615 /* Pods_SwiftUIPractice_SwiftUIPracticeUITests.framework */ = {isa = PBXFileReference; explicitFileType = wrapper.framework; includeInIndex = 0; path = Pods_SwiftUIPractice_SwiftUIPracticeUITests.framework; sourceTree = BUILT_PRODUCTS_DIR; };
		AB53F942AA281B2C124C6731 /* Pods-SwiftUIPractice-SwiftUIPracticeUITests.release.xcconfig */ = {isa = PBXFileReference; includeInIndex = 1; lastKnownFileType = text.xcconfig; name = "Pods-SwiftUIPractice-SwiftUIPracticeUITests.release.xcconfig"; path = "Target Support Files/Pods-SwiftUIPractice-SwiftUIPracticeUITests/Pods-SwiftUIPractice-SwiftUIPracticeUITests.release.xcconfig"; sourceTree = "<group>"; };
		B56D1DE147A21E21FCAF3C94 /* Pods-SwiftUIPractice.debug.xcconfig */ = {isa = PBXFileReference; includeInIndex = 1; lastKnownFileType = text.xcconfig; name = "Pods-SwiftUIPractice.debug.xcconfig"; path = "Target Support Files/Pods-SwiftUIPractice/Pods-SwiftUIPractice.debug.xcconfig"; sourceTree = "<group>"; };
		CE244F6D83BB4038506EC27F /* Pods-SwiftUIPractice.release.xcconfig */ = {isa = PBXFileReference; includeInIndex = 1; lastKnownFileType = text.xcconfig; name = "Pods-SwiftUIPractice.release.xcconfig"; path = "Target Support Files/Pods-SwiftUIPractice/Pods-SwiftUIPractice.release.xcconfig"; sourceTree = "<group>"; };
		F502D80B3ACC66F159D51C63 /* Pods_SwiftUIPractice.framework */ = {isa = PBXFileReference; explicitFileType = wrapper.framework; includeInIndex = 0; path = Pods_SwiftUIPractice.framework; sourceTree = BUILT_PRODUCTS_DIR; };
/* End PBXFileReference section */

/* Begin PBXFrameworksBuildPhase section */
		770B707627EC520000784482 /* Frameworks */ = {
			isa = PBXFrameworksBuildPhase;
			buildActionMask = 2147483647;
			files = (
				AD38C1B8C0858A1F11054803 /* Pods_SwiftUIPractice.framework in Frameworks */,
			);
			runOnlyForDeploymentPostprocessing = 0;
		};
		770B708627EC520100784482 /* Frameworks */ = {
			isa = PBXFrameworksBuildPhase;
			buildActionMask = 2147483647;
			files = (
				D655F88A628951C80A1C49F9 /* Pods_SwiftUIPracticeTests.framework in Frameworks */,
			);
			runOnlyForDeploymentPostprocessing = 0;
		};
		770B709027EC520100784482 /* Frameworks */ = {
			isa = PBXFrameworksBuildPhase;
			buildActionMask = 2147483647;
			files = (
				7F2305CA8A53BDD73E61C8FE /* Pods_SwiftUIPractice_SwiftUIPracticeUITests.framework in Frameworks */,
			);
			runOnlyForDeploymentPostprocessing = 0;
		};
/* End PBXFrameworksBuildPhase section */

/* Begin PBXGroup section */
		55796B711F642BDCD189C507 /* Pods */ = {
			isa = PBXGroup;
			children = (
				B56D1DE147A21E21FCAF3C94 /* Pods-SwiftUIPractice.debug.xcconfig */,
				CE244F6D83BB4038506EC27F /* Pods-SwiftUIPractice.release.xcconfig */,
				10FE50FC4B3D8F900096AD6A /* Pods-SwiftUIPractice-SwiftUIPracticeUITests.debug.xcconfig */,
				AB53F942AA281B2C124C6731 /* Pods-SwiftUIPractice-SwiftUIPracticeUITests.release.xcconfig */,
				1AE5C1D482E88AF21D3D8D1B /* Pods-SwiftUIPracticeTests.debug.xcconfig */,
				0BDB594509F18577BA38ABBD /* Pods-SwiftUIPracticeTests.release.xcconfig */,
			);
			name = Pods;
			path = Pods;
			sourceTree = "<group>";
		};
		770B707027EC520000784482 = {
			isa = PBXGroup;
			children = (
				770B707B27EC520000784482 /* SwiftUIPractice */,
				770B708C27EC520100784482 /* SwiftUIPracticeTests */,
				770B709627EC520100784482 /* SwiftUIPracticeUITests */,
				770B707A27EC520000784482 /* Products */,
				55796B711F642BDCD189C507 /* Pods */,
				FD2FE8E0DDC8CD615EE28A91 /* Frameworks */,
			);
			sourceTree = "<group>";
		};
		770B707A27EC520000784482 /* Products */ = {
			isa = PBXGroup;
			children = (
				770B707927EC520000784482 /* SwiftUIPractice.app */,
				770B708927EC520100784482 /* SwiftUIPracticeTests.xctest */,
				770B709327EC520100784482 /* SwiftUIPracticeUITests.xctest */,
			);
			name = Products;
			sourceTree = "<group>";
		};
		770B707B27EC520000784482 /* SwiftUIPractice */ = {
			isa = PBXGroup;
			children = (
				770B707C27EC520000784482 /* SwiftUIPracticeApp.swift */,
				770B707E27EC520000784482 /* ContentView.swift */,
				770B70A827EC523500784482 /* MyView.swift */,
				770B708027EC520100784482 /* Assets.xcassets */,
				770B708227EC520100784482 /* Preview Content */,
			);
			path = SwiftUIPractice;
			sourceTree = "<group>";
		};
		770B708227EC520100784482 /* Preview Content */ = {
			isa = PBXGroup;
			children = (
				770B708327EC520100784482 /* Preview Assets.xcassets */,
			);
			path = "Preview Content";
			sourceTree = "<group>";
		};
		770B708C27EC520100784482 /* SwiftUIPracticeTests */ = {
			isa = PBXGroup;
			children = (
				770B708D27EC520100784482 /* SwiftUIPracticeTests.swift */,
			);
			path = SwiftUIPracticeTests;
			sourceTree = "<group>";
		};
		770B709627EC520100784482 /* SwiftUIPracticeUITests */ = {
			isa = PBXGroup;
			children = (
				770B709727EC520100784482 /* SwiftUIPracticeUITests.swift */,
				770B709927EC520100784482 /* SwiftUIPracticeUITestsLaunchTests.swift */,
			);
			path = SwiftUIPracticeUITests;
			sourceTree = "<group>";
		};
		FD2FE8E0DDC8CD615EE28A91 /* Frameworks */ = {
			isa = PBXGroup;
			children = (
				F502D80B3ACC66F159D51C63 /* Pods_SwiftUIPractice.framework */,
				A4AA18DD3236D0E47151E615 /* Pods_SwiftUIPractice_SwiftUIPracticeUITests.framework */,
				86258818E82BC85442DC2AFB /* Pods_SwiftUIPracticeTests.framework */,
			);
			name = Frameworks;
			sourceTree = "<group>";
		};
/* End PBXGroup section */

/* Begin PBXNativeTarget section */
		770B707827EC520000784482 /* SwiftUIPractice */ = {
			isa = PBXNativeTarget;
			buildConfigurationList = 770B709D27EC520100784482 /* Build configuration list for PBXNativeTarget "SwiftUIPractice" */;
			buildPhases = (
				39F4628637A374BB10FA5FCD /* [CP] Check Pods Manifest.lock */,
				770B707527EC520000784482 /* Sources */,
				770B707627EC520000784482 /* Frameworks */,
				770B707727EC520000784482 /* Resources */,
			);
			buildRules = (
			);
			dependencies = (
			);
			name = SwiftUIPractice;
			productName = SwiftUIPractice;
			productReference = 770B707927EC520000784482 /* SwiftUIPractice.app */;
			productType = "com.apple.product-type.application";
		};
		770B708827EC520100784482 /* SwiftUIPracticeTests */ = {
			isa = PBXNativeTarget;
			buildConfigurationList = 770B70A027EC520100784482 /* Build configuration list for PBXNativeTarget "SwiftUIPracticeTests" */;
			buildPhases = (
				9CF09A7F7D3EB296D0C33A56 /* [CP] Check Pods Manifest.lock */,
				770B708527EC520100784482 /* Sources */,
				770B708627EC520100784482 /* Frameworks */,
				770B708727EC520100784482 /* Resources */,
			);
			buildRules = (
			);
			dependencies = (
				770B708B27EC520100784482 /* PBXTargetDependency */,
			);
			name = SwiftUIPracticeTests;
			productName = SwiftUIPracticeTests;
			productReference = 770B708927EC520100784482 /* SwiftUIPracticeTests.xctest */;
			productType = "com.apple.product-type.bundle.unit-test";
		};
		770B709227EC520100784482 /* SwiftUIPracticeUITests */ = {
			isa = PBXNativeTarget;
			buildConfigurationList = 770B70A327EC520100784482 /* Build configuration list for PBXNativeTarget "SwiftUIPracticeUITests" */;
			buildPhases = (
				445B1F31B3C32B4FCD0958DE /* [CP] Check Pods Manifest.lock */,
				770B708F27EC520100784482 /* Sources */,
				770B709027EC520100784482 /* Frameworks */,
				770B709127EC520100784482 /* Resources */,
				E9CD49278E48F01E3FDAF5F7 /* [CP] Embed Pods Frameworks */,
			);
			buildRules = (
			);
			dependencies = (
				770B709527EC520100784482 /* PBXTargetDependency */,
			);
			name = SwiftUIPracticeUITests;
			productName = SwiftUIPracticeUITests;
			productReference = 770B709327EC520100784482 /* SwiftUIPracticeUITests.xctest */;
			productType = "com.apple.product-type.bundle.ui-testing";
		};
/* End PBXNativeTarget section */

/* Begin PBXProject section */
		770B707127EC520000784482 /* Project object */ = {
			isa = PBXProject;
			attributes = {
				BuildIndependentTargetsInParallel = 1;
				LastSwiftUpdateCheck = 1330;
				LastUpgradeCheck = 1330;
				TargetAttributes = {
					770B707827EC520000784482 = {
						CreatedOnToolsVersion = 13.3;
					};
					770B708827EC520100784482 = {
						CreatedOnToolsVersion = 13.3;
						TestTargetID = 770B707827EC520000784482;
					};
					770B709227EC520100784482 = {
						CreatedOnToolsVersion = 13.3;
						TestTargetID = 770B707827EC520000784482;
					};
				};
			};
			buildConfigurationList = 770B707427EC520000784482 /* Build configuration list for PBXProject "SwiftUIPractice" */;
			compatibilityVersion = "Xcode 13.0";
			developmentRegion = en;
			hasScannedForEncodings = 0;
			knownRegions = (
				en,
				Base,
			);
			mainGroup = 770B707027EC520000784482;
			productRefGroup = 770B707A27EC520000784482 /* Products */;
			projectDirPath = "";
			projectRoot = "";
			targets = (
				770B707827EC520000784482 /* SwiftUIPractice */,
				770B708827EC520100784482 /* SwiftUIPracticeTests */,
				770B709227EC520100784482 /* SwiftUIPracticeUITests */,
			);
		};
/* End PBXProject section */

/* Begin PBXResourcesBuildPhase section */
		770B707727EC520000784482 /* Resources */ = {
			isa = PBXResourcesBuildPhase;
			buildActionMask = 2147483647;
			files = (
				770B708427EC520100784482 /* Preview Assets.xcassets in Resources */,
				770B708127EC520100784482 /* Assets.xcassets in Resources */,
			);
			runOnlyForDeploymentPostprocessing = 0;
		};
		770B708727EC520100784482 /* Resources */ = {
			isa = PBXResourcesBuildPhase;
			buildActionMask = 2147483647;
			files = (
			);
			runOnlyForDeploymentPostprocessing = 0;
		};
		770B709127EC520100784482 /* Resources */ = {
			isa = PBXResourcesBuildPhase;
			buildActionMask = 2147483647;
			files = (
			);
			runOnlyForDeploymentPostprocessing = 0;
		};
/* End PBXResourcesBuildPhase section */

/* Begin PBXShellScriptBuildPhase section */
		39F4628637A374BB10FA5FCD /* [CP] Check Pods Manifest.lock */ = {
			isa = PBXShellScriptBuildPhase;
			buildActionMask = 2147483647;
			files = (
			);
			inputFileListPaths = (
			);
			inputPaths = (
				"${PODS_PODFILE_DIR_PATH}/Podfile.lock",
				"${PODS_ROOT}/Manifest.lock",
			);
			name = "[CP] Check Pods Manifest.lock";
			outputFileListPaths = (
			);
			outputPaths = (
				"$(DERIVED_FILE_DIR)/Pods-SwiftUIPractice-checkManifestLockResult.txt",
			);
			runOnlyForDeploymentPostprocessing = 0;
			shellPath = /bin/sh;
			shellScript = "diff \"${PODS_PODFILE_DIR_PATH}/Podfile.lock\" \"${PODS_ROOT}/Manifest.lock\" > /dev/null\nif [ $? != 0 ] ; then\n    # print error to STDERR\n    echo \"error: The sandbox is not in sync with the Podfile.lock. Run 'pod install' or update your CocoaPods installation.\" >&2\n    exit 1\nfi\n# This output is used by Xcode 'outputs' to avoid re-running this script phase.\necho \"SUCCESS\" > \"${SCRIPT_OUTPUT_FILE_0}\"\n";
			showEnvVarsInLog = 0;
		};
		445B1F31B3C32B4FCD0958DE /* [CP] Check Pods Manifest.lock */ = {
			isa = PBXShellScriptBuildPhase;
			buildActionMask = 2147483647;
			files = (
			);
			inputFileListPaths = (
			);
			inputPaths = (
				"${PODS_PODFILE_DIR_PATH}/Podfile.lock",
				"${PODS_ROOT}/Manifest.lock",
			);
			name = "[CP] Check Pods Manifest.lock";
			outputFileListPaths = (
			);
			outputPaths = (
				"$(DERIVED_FILE_DIR)/Pods-SwiftUIPractice-SwiftUIPracticeUITests-checkManifestLockResult.txt",
			);
			runOnlyForDeploymentPostprocessing = 0;
			shellPath = /bin/sh;
			shellScript = "diff \"${PODS_PODFILE_DIR_PATH}/Podfile.lock\" \"${PODS_ROOT}/Manifest.lock\" > /dev/null\nif [ $? != 0 ] ; then\n    # print error to STDERR\n    echo \"error: The sandbox is not in sync with the Podfile.lock. Run 'pod install' or update your CocoaPods installation.\" >&2\n    exit 1\nfi\n# This output is used by Xcode 'outputs' to avoid re-running this script phase.\necho \"SUCCESS\" > \"${SCRIPT_OUTPUT_FILE_0}\"\n";
			showEnvVarsInLog = 0;
		};
		9CF09A7F7D3EB296D0C33A56 /* [CP] Check Pods Manifest.lock */ = {
			isa = PBXShellScriptBuildPhase;
			buildActionMask = 2147483647;
			files = (
			);
			inputFileListPaths = (
			);
			inputPaths = (
				"${PODS_PODFILE_DIR_PATH}/Podfile.lock",
				"${PODS_ROOT}/Manifest.lock",
			);
			name = "[CP] Check Pods Manifest.lock";
			outputFileListPaths = (
			);
			outputPaths = (
				"$(DERIVED_FILE_DIR)/Pods-SwiftUIPracticeTests-checkManifestLockResult.txt",
			);
			runOnlyForDeploymentPostprocessing = 0;
			shellPath = /bin/sh;
			shellScript = "diff \"${PODS_PODFILE_DIR_PATH}/Podfile.lock\" \"${PODS_ROOT}/Manifest.lock\" > /dev/null\nif [ $? != 0 ] ; then\n    # print error to STDERR\n    echo \"error: The sandbox is not in sync with the Podfile.lock. Run 'pod install' or update your CocoaPods installation.\" >&2\n    exit 1\nfi\n# This output is used by Xcode 'outputs' to avoid re-running this script phase.\necho \"SUCCESS\" > \"${SCRIPT_OUTPUT_FILE_0}\"\n";
			showEnvVarsInLog = 0;
		};
		E9CD49278E48F01E3FDAF5F7 /* [CP] Embed Pods Frameworks */ = {
			isa = PBXShellScriptBuildPhase;
			buildActionMask = 2147483647;
			files = (
			);
			inputFileListPaths = (
				"${PODS_ROOT}/Target Support Files/Pods-SwiftUIPractice-SwiftUIPracticeUITests/Pods-SwiftUIPractice-SwiftUIPracticeUITests-frameworks-${CONFIGURATION}-input-files.xcfilelist",
			);
			name = "[CP] Embed Pods Frameworks";
			outputFileListPaths = (
				"${PODS_ROOT}/Target Support Files/Pods-SwiftUIPractice-SwiftUIPracticeUITests/Pods-SwiftUIPractice-SwiftUIPracticeUITests-frameworks-${CONFIGURATION}-output-files.xcfilelist",
			);
			runOnlyForDeploymentPostprocessing = 0;
			shellPath = /bin/sh;
			shellScript = "\"${PODS_ROOT}/Target Support Files/Pods-SwiftUIPractice-SwiftUIPracticeUITests/Pods-SwiftUIPractice-SwiftUIPracticeUITests-frameworks.sh\"\n";
			showEnvVarsInLog = 0;
		};
/* End PBXShellScriptBuildPhase section */

/* Begin PBXSourcesBuildPhase section */
		770B707527EC520000784482 /* Sources */ = {
			isa = PBXSourcesBuildPhase;
			buildActionMask = 2147483647;
			files = (
				770B70A927EC523500784482 /* MyView.swift in Sources */,
				770B707F27EC520000784482 /* ContentView.swift in Sources */,
				770B707D27EC520000784482 /* SwiftUIPracticeApp.swift in Sources */,
			);
			runOnlyForDeploymentPostprocessing = 0;
		};
		770B708527EC520100784482 /* Sources */ = {
			isa = PBXSourcesBuildPhase;
			buildActionMask = 2147483647;
			files = (
				770B708E27EC520100784482 /* SwiftUIPracticeTests.swift in Sources */,
			);
			runOnlyForDeploymentPostprocessing = 0;
		};
		770B708F27EC520100784482 /* Sources */ = {
			isa = PBXSourcesBuildPhase;
			buildActionMask = 2147483647;
			files = (
				770B709827EC520100784482 /* SwiftUIPracticeUITests.swift in Sources */,
				770B709A27EC520100784482 /* SwiftUIPracticeUITestsLaunchTests.swift in Sources */,
			);
			runOnlyForDeploymentPostprocessing = 0;
		};
/* End PBXSourcesBuildPhase section */

/* Begin PBXTargetDependency section */
		770B708B27EC520100784482 /* PBXTargetDependency */ = {
			isa = PBXTargetDependency;
			target = 770B707827EC520000784482 /* SwiftUIPractice */;
			targetProxy = 770B708A27EC520100784482 /* PBXContainerItemProxy */;
		};
		770B709527EC520100784482 /* PBXTargetDependency */ = {
			isa = PBXTargetDependency;
			target = 770B707827EC520000784482 /* SwiftUIPractice */;
			targetProxy = 770B709427EC520100784482 /* PBXContainerItemProxy */;
		};
/* End PBXTargetDependency section */

/* Begin XCBuildConfiguration section */
		770B709B27EC520100784482 /* Debug */ = {
			isa = XCBuildConfiguration;
			buildSettings = {
				ALWAYS_SEARCH_USER_PATHS = NO;
				CLANG_ANALYZER_NONNULL = YES;
				CLANG_ANALYZER_NUMBER_OBJECT_CONVERSION = YES_AGGRESSIVE;
				CLANG_CXX_LANGUAGE_STANDARD = "gnu++17";
				CLANG_ENABLE_MODULES = YES;
				CLANG_ENABLE_OBJC_ARC = YES;
				CLANG_ENABLE_OBJC_WEAK = YES;
				CLANG_WARN_BLOCK_CAPTURE_AUTORELEASING = YES;
				CLANG_WARN_BOOL_CONVERSION = YES;
				CLANG_WARN_COMMA = YES;
				CLANG_WARN_CONSTANT_CONVERSION = YES;
				CLANG_WARN_DEPRECATED_OBJC_IMPLEMENTATIONS = YES;
				CLANG_WARN_DIRECT_OBJC_ISA_USAGE = YES_ERROR;
				CLANG_WARN_DOCUMENTATION_COMMENTS = YES;
				CLANG_WARN_EMPTY_BODY = YES;
				CLANG_WARN_ENUM_CONVERSION = YES;
				CLANG_WARN_INFINITE_RECURSION = YES;
				CLANG_WARN_INT_CONVERSION = YES;
				CLANG_WARN_NON_LITERAL_NULL_CONVERSION = YES;
				CLANG_WARN_OBJC_IMPLICIT_RETAIN_SELF = YES;
				CLANG_WARN_OBJC_LITERAL_CONVERSION = YES;
				CLANG_WARN_OBJC_ROOT_CLASS = YES_ERROR;
				CLANG_WARN_QUOTED_INCLUDE_IN_FRAMEWORK_HEADER = YES;
				CLANG_WARN_RANGE_LOOP_ANALYSIS = YES;
				CLANG_WARN_STRICT_PROTOTYPES = YES;
				CLANG_WARN_SUSPICIOUS_MOVE = YES;
				CLANG_WARN_UNGUARDED_AVAILABILITY = YES_AGGRESSIVE;
				CLANG_WARN_UNREACHABLE_CODE = YES;
				CLANG_WARN__DUPLICATE_METHOD_MATCH = YES;
				COPY_PHASE_STRIP = NO;
				DEBUG_INFORMATION_FORMAT = dwarf;
				ENABLE_STRICT_OBJC_MSGSEND = YES;
				ENABLE_TESTABILITY = YES;
				GCC_C_LANGUAGE_STANDARD = gnu11;
				GCC_DYNAMIC_NO_PIC = NO;
				GCC_NO_COMMON_BLOCKS = YES;
				GCC_OPTIMIZATION_LEVEL = 0;
				GCC_PREPROCESSOR_DEFINITIONS = (
					"DEBUG=1",
					"$(inherited)",
				);
				GCC_WARN_64_TO_32_BIT_CONVERSION = YES;
				GCC_WARN_ABOUT_RETURN_TYPE = YES_ERROR;
				GCC_WARN_UNDECLARED_SELECTOR = YES;
				GCC_WARN_UNINITIALIZED_AUTOS = YES_AGGRESSIVE;
				GCC_WARN_UNUSED_FUNCTION = YES;
				GCC_WARN_UNUSED_VARIABLE = YES;
				IPHONEOS_DEPLOYMENT_TARGET = 15.4;
				MTL_ENABLE_DEBUG_INFO = INCLUDE_SOURCE;
				MTL_FAST_MATH = YES;
				ONLY_ACTIVE_ARCH = YES;
				SDKROOT = iphoneos;
				SWIFT_ACTIVE_COMPILATION_CONDITIONS = DEBUG;
				SWIFT_OPTIMIZATION_LEVEL = "-Onone";
			};
			name = Debug;
		};
		770B709C27EC520100784482 /* Release */ = {
			isa = XCBuildConfiguration;
			buildSettings = {
				ALWAYS_SEARCH_USER_PATHS = NO;
				CLANG_ANALYZER_NONNULL = YES;
				CLANG_ANALYZER_NUMBER_OBJECT_CONVERSION = YES_AGGRESSIVE;
				CLANG_CXX_LANGUAGE_STANDARD = "gnu++17";
				CLANG_ENABLE_MODULES = YES;
				CLANG_ENABLE_OBJC_ARC = YES;
				CLANG_ENABLE_OBJC_WEAK = YES;
				CLANG_WARN_BLOCK_CAPTURE_AUTORELEASING = YES;
				CLANG_WARN_BOOL_CONVERSION = YES;
				CLANG_WARN_COMMA = YES;
				CLANG_WARN_CONSTANT_CONVERSION = YES;
				CLANG_WARN_DEPRECATED_OBJC_IMPLEMENTATIONS = YES;
				CLANG_WARN_DIRECT_OBJC_ISA_USAGE = YES_ERROR;
				CLANG_WARN_DOCUMENTATION_COMMENTS = YES;
				CLANG_WARN_EMPTY_BODY = YES;
				CLANG_WARN_ENUM_CONVERSION = YES;
				CLANG_WARN_INFINITE_RECURSION = YES;
				CLANG_WARN_INT_CONVERSION = YES;
				CLANG_WARN_NON_LITERAL_NULL_CONVERSION = YES;
				CLANG_WARN_OBJC_IMPLICIT_RETAIN_SELF = YES;
				CLANG_WARN_OBJC_LITERAL_CONVERSION = YES;
				CLANG_WARN_OBJC_ROOT_CLASS = YES_ERROR;
				CLANG_WARN_QUOTED_INCLUDE_IN_FRAMEWORK_HEADER = YES;
				CLANG_WARN_RANGE_LOOP_ANALYSIS = YES;
				CLANG_WARN_STRICT_PROTOTYPES = YES;
				CLANG_WARN_SUSPICIOUS_MOVE = YES;
				CLANG_WARN_UNGUARDED_AVAILABILITY = YES_AGGRESSIVE;
				CLANG_WARN_UNREACHABLE_CODE = YES;
				CLANG_WARN__DUPLICATE_METHOD_MATCH = YES;
				COPY_PHASE_STRIP = NO;
				DEBUG_INFORMATION_FORMAT = "dwarf-with-dsym";
				ENABLE_NS_ASSERTIONS = NO;
				ENABLE_STRICT_OBJC_MSGSEND = YES;
				GCC_C_LANGUAGE_STANDARD = gnu11;
				GCC_NO_COMMON_BLOCKS = YES;
				GCC_WARN_64_TO_32_BIT_CONVERSION = YES;
				GCC_WARN_ABOUT_RETURN_TYPE = YES_ERROR;
				GCC_WARN_UNDECLARED_SELECTOR = YES;
				GCC_WARN_UNINITIALIZED_AUTOS = YES_AGGRESSIVE;
				GCC_WARN_UNUSED_FUNCTION = YES;
				GCC_WARN_UNUSED_VARIABLE = YES;
				IPHONEOS_DEPLOYMENT_TARGET = 15.4;
				MTL_ENABLE_DEBUG_INFO = NO;
				MTL_FAST_MATH = YES;
				SDKROOT = iphoneos;
				SWIFT_COMPILATION_MODE = wholemodule;
				SWIFT_OPTIMIZATION_LEVEL = "-O";
				VALIDATE_PRODUCT = YES;
			};
			name = Release;
		};
		770B709E27EC520100784482 /* Debug */ = {
			isa = XCBuildConfiguration;
			baseConfigurationReference = B56D1DE147A21E21FCAF3C94 /* Pods-SwiftUIPractice.debug.xcconfig */;
			buildSettings = {
				ASSETCATALOG_COMPILER_APPICON_NAME = AppIcon;
				ASSETCATALOG_COMPILER_GLOBAL_ACCENT_COLOR_NAME = AccentColor;
				CODE_SIGN_STYLE = Automatic;
				CURRENT_PROJECT_VERSION = 1;
				DEVELOPMENT_ASSET_PATHS = "\"SwiftUIPractice/Preview Content\"";
				DEVELOPMENT_TEAM = 5286U5DLX4;
				ENABLE_PREVIEWS = YES;
				GENERATE_INFOPLIST_FILE = YES;
				INFOPLIST_KEY_UIApplicationSceneManifest_Generation = YES;
				INFOPLIST_KEY_UIApplicationSupportsIndirectInputEvents = YES;
				INFOPLIST_KEY_UILaunchScreen_Generation = YES;
				INFOPLIST_KEY_UISupportedInterfaceOrientations_iPad = "UIInterfaceOrientationPortrait UIInterfaceOrientationPortraitUpsideDown UIInterfaceOrientationLandscapeLeft UIInterfaceOrientationLandscapeRight";
				INFOPLIST_KEY_UISupportedInterfaceOrientations_iPhone = "UIInterfaceOrientationPortrait UIInterfaceOrientationLandscapeLeft UIInterfaceOrientationLandscapeRight";
				LD_RUNPATH_SEARCH_PATHS = (
					"$(inherited)",
					"@executable_path/Frameworks",
				);
				MARKETING_VERSION = 1.0;
				PRODUCT_BUNDLE_IDENTIFIER = kr.iosPractice.SwiftUIPractice;
				PRODUCT_NAME = "$(TARGET_NAME)";
				SWIFT_EMIT_LOC_STRINGS = YES;
				SWIFT_VERSION = 5.0;
				TARGETED_DEVICE_FAMILY = "1,2";
			};
			name = Debug;
		};
		770B709F27EC520100784482 /* Release */ = {
			isa = XCBuildConfiguration;
			baseConfigurationReference = CE244F6D83BB4038506EC27F /* Pods-SwiftUIPractice.release.xcconfig */;
			buildSettings = {
				ASSETCATALOG_COMPILER_APPICON_NAME = AppIcon;
				ASSETCATALOG_COMPILER_GLOBAL_ACCENT_COLOR_NAME = AccentColor;
				CODE_SIGN_STYLE = Automatic;
				CURRENT_PROJECT_VERSION = 1;
				DEVELOPMENT_ASSET_PATHS = "\"SwiftUIPractice/Preview Content\"";
				DEVELOPMENT_TEAM = 5286U5DLX4;
				ENABLE_PREVIEWS = YES;
				GENERATE_INFOPLIST_FILE = YES;
				INFOPLIST_KEY_UIApplicationSceneManifest_Generation = YES;
				INFOPLIST_KEY_UIApplicationSupportsIndirectInputEvents = YES;
				INFOPLIST_KEY_UILaunchScreen_Generation = YES;
				INFOPLIST_KEY_UISupportedInterfaceOrientations_iPad = "UIInterfaceOrientationPortrait UIInterfaceOrientationPortraitUpsideDown UIInterfaceOrientationLandscapeLeft UIInterfaceOrientationLandscapeRight";
				INFOPLIST_KEY_UISupportedInterfaceOrientations_iPhone = "UIInterfaceOrientationPortrait UIInterfaceOrientationLandscapeLeft UIInterfaceOrientationLandscapeRight";
				LD_RUNPATH_SEARCH_PATHS = (
					"$(inherited)",
					"@executable_path/Frameworks",
				);
				MARKETING_VERSION = 1.0;
				PRODUCT_BUNDLE_IDENTIFIER = kr.iosPractice.SwiftUIPractice;
				PRODUCT_NAME = "$(TARGET_NAME)";
				SWIFT_EMIT_LOC_STRINGS = YES;
				SWIFT_VERSION = 5.0;
				TARGETED_DEVICE_FAMILY = "1,2";
			};
			name = Release;
		};
		770B70A127EC520100784482 /* Debug */ = {
			isa = XCBuildConfiguration;
			baseConfigurationReference = 1AE5C1D482E88AF21D3D8D1B /* Pods-SwiftUIPracticeTests.debug.xcconfig */;
			buildSettings = {
				ALWAYS_EMBED_SWIFT_STANDARD_LIBRARIES = YES;
				BUNDLE_LOADER = "$(TEST_HOST)";
				CODE_SIGN_STYLE = Automatic;
				CURRENT_PROJECT_VERSION = 1;
				DEVELOPMENT_TEAM = 5286U5DLX4;
				GENERATE_INFOPLIST_FILE = YES;
				IPHONEOS_DEPLOYMENT_TARGET = 15.4;
				MARKETING_VERSION = 1.0;
				PRODUCT_BUNDLE_IDENTIFIER = kr.iosPractice.SwiftUIPracticeTests;
				PRODUCT_NAME = "$(TARGET_NAME)";
				SWIFT_EMIT_LOC_STRINGS = NO;
				SWIFT_VERSION = 5.0;
				TARGETED_DEVICE_FAMILY = "1,2";
				TEST_HOST = "$(BUILT_PRODUCTS_DIR)/SwiftUIPractice.app/SwiftUIPractice";
			};
			name = Debug;
		};
		770B70A227EC520100784482 /* Release */ = {
			isa = XCBuildConfiguration;
			baseConfigurationReference = 0BDB594509F18577BA38ABBD /* Pods-SwiftUIPracticeTests.release.xcconfig */;
			buildSettings = {
				ALWAYS_EMBED_SWIFT_STANDARD_LIBRARIES = YES;
				BUNDLE_LOADER = "$(TEST_HOST)";
				CODE_SIGN_STYLE = Automatic;
				CURRENT_PROJECT_VERSION = 1;
				DEVELOPMENT_TEAM = 5286U5DLX4;
				GENERATE_INFOPLIST_FILE = YES;
				IPHONEOS_DEPLOYMENT_TARGET = 15.4;
				MARKETING_VERSION = 1.0;
				PRODUCT_BUNDLE_IDENTIFIER = kr.iosPractice.SwiftUIPracticeTests;
				PRODUCT_NAME = "$(TARGET_NAME)";
				SWIFT_EMIT_LOC_STRINGS = NO;
				SWIFT_VERSION = 5.0;
				TARGETED_DEVICE_FAMILY = "1,2";
				TEST_HOST = "$(BUILT_PRODUCTS_DIR)/SwiftUIPractice.app/SwiftUIPractice";
			};
			name = Release;
		};
		770B70A427EC520100784482 /* Debug */ = {
			isa = XCBuildConfiguration;
			baseConfigurationReference = 10FE50FC4B3D8F900096AD6A /* Pods-SwiftUIPractice-SwiftUIPracticeUITests.debug.xcconfig */;
			buildSettings = {
				ALWAYS_EMBED_SWIFT_STANDARD_LIBRARIES = YES;
				CODE_SIGN_STYLE = Automatic;
				CURRENT_PROJECT_VERSION = 1;
				DEVELOPMENT_TEAM = 5286U5DLX4;
				GENERATE_INFOPLIST_FILE = YES;
				MARKETING_VERSION = 1.0;
				PRODUCT_BUNDLE_IDENTIFIER = kr.iosPractice.SwiftUIPracticeUITests;
				PRODUCT_NAME = "$(TARGET_NAME)";
				SWIFT_EMIT_LOC_STRINGS = NO;
				SWIFT_VERSION = 5.0;
				TARGETED_DEVICE_FAMILY = "1,2";
				TEST_TARGET_NAME = SwiftUIPractice;
			};
			name = Debug;
		};
		770B70A527EC520100784482 /* Release */ = {
			isa = XCBuildConfiguration;
			baseConfigurationReference = AB53F942AA281B2C124C6731 /* Pods-SwiftUIPractice-SwiftUIPracticeUITests.release.xcconfig */;
			buildSettings = {
				ALWAYS_EMBED_SWIFT_STANDARD_LIBRARIES = YES;
				CODE_SIGN_STYLE = Automatic;
				CURRENT_PROJECT_VERSION = 1;
				DEVELOPMENT_TEAM = 5286U5DLX4;
				GENERATE_INFOPLIST_FILE = YES;
				MARKETING_VERSION = 1.0;
				PRODUCT_BUNDLE_IDENTIFIER = kr.iosPractice.SwiftUIPracticeUITests;
				PRODUCT_NAME = "$(TARGET_NAME)";
				SWIFT_EMIT_LOC_STRINGS = NO;
				SWIFT_VERSION = 5.0;
				TARGETED_DEVICE_FAMILY = "1,2";
				TEST_TARGET_NAME = SwiftUIPractice;
			};
			name = Release;
		};
/* End XCBuildConfiguration section */

/* Begin XCConfigurationList section */
		770B707427EC520000784482 /* Build configuration list for PBXProject "SwiftUIPractice" */ = {
			isa = XCConfigurationList;
			buildConfigurations = (
				770B709B27EC520100784482 /* Debug */,
				770B709C27EC520100784482 /* Release */,
			);
			defaultConfigurationIsVisible = 0;
			defaultConfigurationName = Release;
		};
		770B709D27EC520100784482 /* Build configuration list for PBXNativeTarget "SwiftUIPractice" */ = {
			isa = XCConfigurationList;
			buildConfigurations = (
				770B709E27EC520100784482 /* Debug */,
				770B709F27EC520100784482 /* Release */,
			);
			defaultConfigurationIsVisible = 0;
			defaultConfigurationName = Release;
		};
		770B70A027EC520100784482 /* Build configuration list for PBXNativeTarget "SwiftUIPracticeTests" */ = {
			isa = XCConfigurationList;
			buildConfigurations = (
				770B70A127EC520100784482 /* Debug */,
				770B70A227EC520100784482 /* Release */,
			);
			defaultConfigurationIsVisible = 0;
			defaultConfigurationName = Release;
		};
		770B70A327EC520100784482 /* Build configuration list for PBXNativeTarget "SwiftUIPracticeUITests" */ = {
			isa = XCConfigurationList;
			buildConfigurations = (
				770B70A427EC520100784482 /* Debug */,
				770B70A527EC520100784482 /* Release */,
			);
			defaultConfigurationIsVisible = 0;
			defaultConfigurationName = Release;
		};
/* End XCConfigurationList section */
	};
	rootObject = 770B707127EC520000784482 /* Project object */;
}
