// !$*UTF8*$!
{
	archiveVersion = 1;
	classes = {
	};
	objectVersion = 55;
	objects = {

/* Begin PBXBuildFile section */
		770B70B727EC65D600784482 /* MyAssetsApp.swift in Sources */ = {isa = PBXBuildFile; fileRef = 770B70B627EC65D600784482 /* MyAssetsApp.swift */; };
		770B70B927EC65D600784482 /* ContentView.swift in Sources */ = {isa = PBXBuildFile; fileRef = 770B70B827EC65D600784482 /* ContentView.swift */; };
		770B70BB27EC65D700784482 /* Assets.xcassets in Resources */ = {isa = PBXBuildFile; fileRef = 770B70BA27EC65D700784482 /* Assets.xcassets */; };
		770B70BE27EC65D700784482 /* Preview Assets.xcassets in Resources */ = {isa = PBXBuildFile; fileRef = 770B70BD27EC65D700784482 /* Preview Assets.xcassets */; };
		770B70C527EC6AA200784482 /* NavigationBarWithButton.swift in Sources */ = {isa = PBXBuildFile; fileRef = 770B70C427EC6AA200784482 /* NavigationBarWithButton.swift */; };
		770B70C727EC81DF00784482 /* AssetMenu.swift in Sources */ = {isa = PBXBuildFile; fileRef = 770B70C627EC81DF00784482 /* AssetMenu.swift */; };
		770B70C927EC8A4000784482 /* AssetMenuButtonStyle.swift in Sources */ = {isa = PBXBuildFile; fileRef = 770B70C827EC8A4000784482 /* AssetMenuButtonStyle.swift */; };
		770B70CB27EC8DF300784482 /* AssetMenuGridView.swift in Sources */ = {isa = PBXBuildFile; fileRef = 770B70CA27EC8DF300784482 /* AssetMenuGridView.swift */; };
		770B70CD27EC8FF100784482 /* AssetView.swift in Sources */ = {isa = PBXBuildFile; fileRef = 770B70CC27EC8FF100784482 /* AssetView.swift */; };
		770B70CF27EC997900784482 /* AssetBanner.swift in Sources */ = {isa = PBXBuildFile; fileRef = 770B70CE27EC997900784482 /* AssetBanner.swift */; };
		770B70D227EC99FC00784482 /* BannerCard.swift in Sources */ = {isa = PBXBuildFile; fileRef = 770B70D127EC99FC00784482 /* BannerCard.swift */; };
		770B70D627EC9C0500784482 /* PageViewController.swift in Sources */ = {isa = PBXBuildFile; fileRef = 770B70D527EC9C0500784482 /* PageViewController.swift */; };
		770B70DA27ECA09800784482 /* PageControl.swift in Sources */ = {isa = PBXBuildFile; fileRef = 770B70D927ECA09800784482 /* PageControl.swift */; };
		770B70DC27ECA2E400784482 /* AssetBannerView.swift in Sources */ = {isa = PBXBuildFile; fileRef = 770B70DB27ECA2E400784482 /* AssetBannerView.swift */; };
		770B70DF27ECA9E800784482 /* assets.json in Resources */ = {isa = PBXBuildFile; fileRef = 770B70DE27ECA9E800784482 /* assets.json */; };
		770B70E127ECBF4B00784482 /* Asset.swift in Sources */ = {isa = PBXBuildFile; fileRef = 770B70E027ECBF4B00784482 /* Asset.swift */; };
		770B70E327ECC34F00784482 /* AssetSummaryData.swift in Sources */ = {isa = PBXBuildFile; fileRef = 770B70E227ECC34F00784482 /* AssetSummaryData.swift */; };
		770B70E527ECDAC000784482 /* AssetSectionHeaderView.swift in Sources */ = {isa = PBXBuildFile; fileRef = 770B70E427ECDAC000784482 /* AssetSectionHeaderView.swift */; };
		77668FED27ECE92000C84D40 /* AssetSectionView.swift in Sources */ = {isa = PBXBuildFile; fileRef = 77668FEC27ECE92000C84D40 /* AssetSectionView.swift */; };
		77668FEF27ECEA1500C84D40 /* AssetSummaryView.swift in Sources */ = {isa = PBXBuildFile; fileRef = 77668FEE27ECEA1500C84D40 /* AssetSummaryView.swift */; };
/* End PBXBuildFile section */

/* Begin PBXFileReference section */
		770B70B327EC65D600784482 /* MyAssets.app */ = {isa = PBXFileReference; explicitFileType = wrapper.application; includeInIndex = 0; path = MyAssets.app; sourceTree = BUILT_PRODUCTS_DIR; };
		770B70B627EC65D600784482 /* MyAssetsApp.swift */ = {isa = PBXFileReference; lastKnownFileType = sourcecode.swift; path = MyAssetsApp.swift; sourceTree = "<group>"; };
		770B70B827EC65D600784482 /* ContentView.swift */ = {isa = PBXFileReference; lastKnownFileType = sourcecode.swift; path = ContentView.swift; sourceTree = "<group>"; };
		770B70BA27EC65D700784482 /* Assets.xcassets */ = {isa = PBXFileReference; lastKnownFileType = folder.assetcatalog; path = Assets.xcassets; sourceTree = "<group>"; };
		770B70BD27EC65D700784482 /* Preview Assets.xcassets */ = {isa = PBXFileReference; lastKnownFileType = folder.assetcatalog; path = "Preview Assets.xcassets"; sourceTree = "<group>"; };
		770B70C427EC6AA200784482 /* NavigationBarWithButton.swift */ = {isa = PBXFileReference; lastKnownFileType = sourcecode.swift; path = NavigationBarWithButton.swift; sourceTree = "<group>"; };
		770B70C627EC81DF00784482 /* AssetMenu.swift */ = {isa = PBXFileReference; lastKnownFileType = sourcecode.swift; path = AssetMenu.swift; sourceTree = "<group>"; };
		770B70C827EC8A4000784482 /* AssetMenuButtonStyle.swift */ = {isa = PBXFileReference; lastKnownFileType = sourcecode.swift; path = AssetMenuButtonStyle.swift; sourceTree = "<group>"; };
		770B70CA27EC8DF300784482 /* AssetMenuGridView.swift */ = {isa = PBXFileReference; lastKnownFileType = sourcecode.swift; path = AssetMenuGridView.swift; sourceTree = "<group>"; };
		770B70CC27EC8FF100784482 /* AssetView.swift */ = {isa = PBXFileReference; lastKnownFileType = sourcecode.swift; path = AssetView.swift; sourceTree = "<group>"; };
		770B70CE27EC997900784482 /* AssetBanner.swift */ = {isa = PBXFileReference; lastKnownFileType = sourcecode.swift; path = AssetBanner.swift; sourceTree = "<group>"; };
		770B70D127EC99FC00784482 /* BannerCard.swift */ = {isa = PBXFileReference; lastKnownFileType = sourcecode.swift; path = BannerCard.swift; sourceTree = "<group>"; };
		770B70D527EC9C0500784482 /* PageViewController.swift */ = {isa = PBXFileReference; lastKnownFileType = sourcecode.swift; path = PageViewController.swift; sourceTree = "<group>"; };
		770B70D927ECA09800784482 /* PageControl.swift */ = {isa = PBXFileReference; lastKnownFileType = sourcecode.swift; path = PageControl.swift; sourceTree = "<group>"; };
		770B70DB27ECA2E400784482 /* AssetBannerView.swift */ = {isa = PBXFileReference; lastKnownFileType = sourcecode.swift; path = AssetBannerView.swift; sourceTree = "<group>"; };
		770B70DE27ECA9E800784482 /* assets.json */ = {isa = PBXFileReference; fileEncoding = 4; lastKnownFileType = text.json; path = assets.json; sourceTree = "<group>"; };
		770B70E027ECBF4B00784482 /* Asset.swift */ = {isa = PBXFileReference; lastKnownFileType = sourcecode.swift; path = Asset.swift; sourceTree = "<group>"; };
		770B70E227ECC34F00784482 /* AssetSummaryData.swift */ = {isa = PBXFileReference; lastKnownFileType = sourcecode.swift; path = AssetSummaryData.swift; sourceTree = "<group>"; };
		770B70E427ECDAC000784482 /* AssetSectionHeaderView.swift */ = {isa = PBXFileReference; lastKnownFileType = sourcecode.swift; path = AssetSectionHeaderView.swift; sourceTree = "<group>"; };
		77668FEC27ECE92000C84D40 /* AssetSectionView.swift */ = {isa = PBXFileReference; lastKnownFileType = sourcecode.swift; path = AssetSectionView.swift; sourceTree = "<group>"; };
		77668FEE27ECEA1500C84D40 /* AssetSummaryView.swift */ = {isa = PBXFileReference; lastKnownFileType = sourcecode.swift; path = AssetSummaryView.swift; sourceTree = "<group>"; };
/* End PBXFileReference section */

/* Begin PBXFrameworksBuildPhase section */
		770B70B027EC65D600784482 /* Frameworks */ = {
			isa = PBXFrameworksBuildPhase;
			buildActionMask = 2147483647;
			files = (
			);
			runOnlyForDeploymentPostprocessing = 0;
		};
/* End PBXFrameworksBuildPhase section */

/* Begin PBXGroup section */
		770B70AA27EC65D600784482 = {
			isa = PBXGroup;
			children = (
				770B70B527EC65D600784482 /* MyAssets */,
				770B70B427EC65D600784482 /* Products */,
			);
			sourceTree = "<group>";
		};
		770B70B427EC65D600784482 /* Products */ = {
			isa = PBXGroup;
			children = (
				770B70B327EC65D600784482 /* MyAssets.app */,
			);
			name = Products;
			sourceTree = "<group>";
		};
		770B70B527EC65D600784482 /* MyAssets */ = {
			isa = PBXGroup;
			children = (
				770B70CC27EC8FF100784482 /* AssetView.swift */,
				770B70B827EC65D600784482 /* ContentView.swift */,
				770B70C427EC6AA200784482 /* NavigationBarWithButton.swift */,
				770B70B627EC65D600784482 /* MyAssetsApp.swift */,
				770B70D027EC998F00784482 /* Entities */,
				770B70D427EC9A1500784482 /* AssetMenu */,
				770B70DD27ECA30500784482 /* AssetBannerView */,
				77668FF027ECEB2600C84D40 /* AssetSummaryView */,
				770B70DE27ECA9E800784482 /* assets.json */,
				770B70BA27EC65D700784482 /* Assets.xcassets */,
				770B70BC27EC65D700784482 /* Preview Content */,
			);
			path = MyAssets;
			sourceTree = "<group>";
		};
		770B70BC27EC65D700784482 /* Preview Content */ = {
			isa = PBXGroup;
			children = (
				770B70BD27EC65D700784482 /* Preview Assets.xcassets */,
			);
			path = "Preview Content";
			sourceTree = "<group>";
		};
		770B70D027EC998F00784482 /* Entities */ = {
			isa = PBXGroup;
			children = (
				770B70E027ECBF4B00784482 /* Asset.swift */,
				770B70C627EC81DF00784482 /* AssetMenu.swift */,
				770B70CE27EC997900784482 /* AssetBanner.swift */,
			);
			path = Entities;
			sourceTree = "<group>";
		};
		770B70D427EC9A1500784482 /* AssetMenu */ = {
			isa = PBXGroup;
			children = (
				770B70C827EC8A4000784482 /* AssetMenuButtonStyle.swift */,
				770B70CA27EC8DF300784482 /* AssetMenuGridView.swift */,
			);
			path = AssetMenu;
			sourceTree = "<group>";
		};
		770B70DD27ECA30500784482 /* AssetBannerView */ = {
			isa = PBXGroup;
			children = (
				770B70D127EC99FC00784482 /* BannerCard.swift */,
				770B70D527EC9C0500784482 /* PageViewController.swift */,
				770B70D927ECA09800784482 /* PageControl.swift */,
				770B70DB27ECA2E400784482 /* AssetBannerView.swift */,
			);
			path = AssetBannerView;
			sourceTree = "<group>";
		};
		77668FF027ECEB2600C84D40 /* AssetSummaryView */ = {
			isa = PBXGroup;
			children = (
				77668FEE27ECEA1500C84D40 /* AssetSummaryView.swift */,
				770B70E227ECC34F00784482 /* AssetSummaryData.swift */,
				770B70E427ECDAC000784482 /* AssetSectionHeaderView.swift */,
				77668FEC27ECE92000C84D40 /* AssetSectionView.swift */,
			);
			path = AssetSummaryView;
			sourceTree = "<group>";
		};
/* End PBXGroup section */

/* Begin PBXNativeTarget section */
		770B70B227EC65D600784482 /* MyAssets */ = {
			isa = PBXNativeTarget;
			buildConfigurationList = 770B70C127EC65D700784482 /* Build configuration list for PBXNativeTarget "MyAssets" */;
			buildPhases = (
				770B70AF27EC65D600784482 /* Sources */,
				770B70B027EC65D600784482 /* Frameworks */,
				770B70B127EC65D600784482 /* Resources */,
			);
			buildRules = (
			);
			dependencies = (
			);
			name = MyAssets;
			productName = MyAssets;
			productReference = 770B70B327EC65D600784482 /* MyAssets.app */;
			productType = "com.apple.product-type.application";
		};
/* End PBXNativeTarget section */

/* Begin PBXProject section */
		770B70AB27EC65D600784482 /* Project object */ = {
			isa = PBXProject;
			attributes = {
				BuildIndependentTargetsInParallel = 1;
				LastSwiftUpdateCheck = 1330;
				LastUpgradeCheck = 1330;
				TargetAttributes = {
					770B70B227EC65D600784482 = {
						CreatedOnToolsVersion = 13.3;
					};
				};
			};
			buildConfigurationList = 770B70AE27EC65D600784482 /* Build configuration list for PBXProject "MyAssets" */;
			compatibilityVersion = "Xcode 13.0";
			developmentRegion = en;
			hasScannedForEncodings = 0;
			knownRegions = (
				en,
				Base,
			);
			mainGroup = 770B70AA27EC65D600784482;
			productRefGroup = 770B70B427EC65D600784482 /* Products */;
			projectDirPath = "";
			projectRoot = "";
			targets = (
				770B70B227EC65D600784482 /* MyAssets */,
			);
		};
/* End PBXProject section */

/* Begin PBXResourcesBuildPhase section */
		770B70B127EC65D600784482 /* Resources */ = {
			isa = PBXResourcesBuildPhase;
			buildActionMask = 2147483647;
			files = (
				770B70DF27ECA9E800784482 /* assets.json in Resources */,
				770B70BE27EC65D700784482 /* Preview Assets.xcassets in Resources */,
				770B70BB27EC65D700784482 /* Assets.xcassets in Resources */,
			);
			runOnlyForDeploymentPostprocessing = 0;
		};
/* End PBXResourcesBuildPhase section */

/* Begin PBXSourcesBuildPhase section */
		770B70AF27EC65D600784482 /* Sources */ = {
			isa = PBXSourcesBuildPhase;
			buildActionMask = 2147483647;
			files = (
				770B70CB27EC8DF300784482 /* AssetMenuGridView.swift in Sources */,
				77668FED27ECE92000C84D40 /* AssetSectionView.swift in Sources */,
				770B70E127ECBF4B00784482 /* Asset.swift in Sources */,
				770B70D627EC9C0500784482 /* PageViewController.swift in Sources */,
				770B70E327ECC34F00784482 /* AssetSummaryData.swift in Sources */,
				770B70E527ECDAC000784482 /* AssetSectionHeaderView.swift in Sources */,
				77668FEF27ECEA1500C84D40 /* AssetSummaryView.swift in Sources */,
				770B70C527EC6AA200784482 /* NavigationBarWithButton.swift in Sources */,
				770B70CF27EC997900784482 /* AssetBanner.swift in Sources */,
				770B70CD27EC8FF100784482 /* AssetView.swift in Sources */,
				770B70B927EC65D600784482 /* ContentView.swift in Sources */,
				770B70B727EC65D600784482 /* MyAssetsApp.swift in Sources */,
				770B70C727EC81DF00784482 /* AssetMenu.swift in Sources */,
				770B70DA27ECA09800784482 /* PageControl.swift in Sources */,
				770B70DC27ECA2E400784482 /* AssetBannerView.swift in Sources */,
				770B70D227EC99FC00784482 /* BannerCard.swift in Sources */,
				770B70C927EC8A4000784482 /* AssetMenuButtonStyle.swift in Sources */,
			);
			runOnlyForDeploymentPostprocessing = 0;
		};
/* End PBXSourcesBuildPhase section */

/* Begin XCBuildConfiguration section */
		770B70BF27EC65D700784482 /* Debug */ = {
			isa = XCBuildConfiguration;
			buildSettings = {
				ALWAYS_SEARCH_USER_PATHS = NO;
				CLANG_ANALYZER_NONNULL = YES;
				CLANG_ANALYZER_NUMBER_OBJECT_CONVERSION = YES_AGGRESSIVE;
				CLANG_CXX_LANGUAGE_STANDARD = "gnu++17";
				CLANG_ENABLE_MODULES = YES;
				CLANG_ENABLE_OBJC_ARC = YES;
				CLANG_ENABLE_OBJC_WEAK = YES;
				CLANG_WARN_BLOCK_CAPTURE_AUTORELEASING = YES;
				CLANG_WARN_BOOL_CONVERSION = YES;
				CLANG_WARN_COMMA = YES;
				CLANG_WARN_CONSTANT_CONVERSION = YES;
				CLANG_WARN_DEPRECATED_OBJC_IMPLEMENTATIONS = YES;
				CLANG_WARN_DIRECT_OBJC_ISA_USAGE = YES_ERROR;
				CLANG_WARN_DOCUMENTATION_COMMENTS = YES;
				CLANG_WARN_EMPTY_BODY = YES;
				CLANG_WARN_ENUM_CONVERSION = YES;
				CLANG_WARN_INFINITE_RECURSION = YES;
				CLANG_WARN_INT_CONVERSION = YES;
				CLANG_WARN_NON_LITERAL_NULL_CONVERSION = YES;
				CLANG_WARN_OBJC_IMPLICIT_RETAIN_SELF = YES;
				CLANG_WARN_OBJC_LITERAL_CONVERSION = YES;
				CLANG_WARN_OBJC_ROOT_CLASS = YES_ERROR;
				CLANG_WARN_QUOTED_INCLUDE_IN_FRAMEWORK_HEADER = YES;
				CLANG_WARN_RANGE_LOOP_ANALYSIS = YES;
				CLANG_WARN_STRICT_PROTOTYPES = YES;
				CLANG_WARN_SUSPICIOUS_MOVE = YES;
				CLANG_WARN_UNGUARDED_AVAILABILITY = YES_AGGRESSIVE;
				CLANG_WARN_UNREACHABLE_CODE = YES;
				CLANG_WARN__DUPLICATE_METHOD_MATCH = YES;
				COPY_PHASE_STRIP = NO;
				DEBUG_INFORMATION_FORMAT = dwarf;
				ENABLE_STRICT_OBJC_MSGSEND = YES;
				ENABLE_TESTABILITY = YES;
				GCC_C_LANGUAGE_STANDARD = gnu11;
				GCC_DYNAMIC_NO_PIC = NO;
				GCC_NO_COMMON_BLOCKS = YES;
				GCC_OPTIMIZATION_LEVEL = 0;
				GCC_PREPROCESSOR_DEFINITIONS = (
					"DEBUG=1",
					"$(inherited)",
				);
				GCC_WARN_64_TO_32_BIT_CONVERSION = YES;
				GCC_WARN_ABOUT_RETURN_TYPE = YES_ERROR;
				GCC_WARN_UNDECLARED_SELECTOR = YES;
				GCC_WARN_UNINITIALIZED_AUTOS = YES_AGGRESSIVE;
				GCC_WARN_UNUSED_FUNCTION = YES;
				GCC_WARN_UNUSED_VARIABLE = YES;
				IPHONEOS_DEPLOYMENT_TARGET = 15.4;
				MTL_ENABLE_DEBUG_INFO = INCLUDE_SOURCE;
				MTL_FAST_MATH = YES;
				ONLY_ACTIVE_ARCH = YES;
				SDKROOT = iphoneos;
				SWIFT_ACTIVE_COMPILATION_CONDITIONS = DEBUG;
				SWIFT_OPTIMIZATION_LEVEL = "-Onone";
			};
			name = Debug;
		};
		770B70C027EC65D700784482 /* Release */ = {
			isa = XCBuildConfiguration;
			buildSettings = {
				ALWAYS_SEARCH_USER_PATHS = NO;
				CLANG_ANALYZER_NONNULL = YES;
				CLANG_ANALYZER_NUMBER_OBJECT_CONVERSION = YES_AGGRESSIVE;
				CLANG_CXX_LANGUAGE_STANDARD = "gnu++17";
				CLANG_ENABLE_MODULES = YES;
				CLANG_ENABLE_OBJC_ARC = YES;
				CLANG_ENABLE_OBJC_WEAK = YES;
				CLANG_WARN_BLOCK_CAPTURE_AUTORELEASING = YES;
				CLANG_WARN_BOOL_CONVERSION = YES;
				CLANG_WARN_COMMA = YES;
				CLANG_WARN_CONSTANT_CONVERSION = YES;
				CLANG_WARN_DEPRECATED_OBJC_IMPLEMENTATIONS = YES;
				CLANG_WARN_DIRECT_OBJC_ISA_USAGE = YES_ERROR;
				CLANG_WARN_DOCUMENTATION_COMMENTS = YES;
				CLANG_WARN_EMPTY_BODY = YES;
				CLANG_WARN_ENUM_CONVERSION = YES;
				CLANG_WARN_INFINITE_RECURSION = YES;
				CLANG_WARN_INT_CONVERSION = YES;
				CLANG_WARN_NON_LITERAL_NULL_CONVERSION = YES;
				CLANG_WARN_OBJC_IMPLICIT_RETAIN_SELF = YES;
				CLANG_WARN_OBJC_LITERAL_CONVERSION = YES;
				CLANG_WARN_OBJC_ROOT_CLASS = YES_ERROR;
				CLANG_WARN_QUOTED_INCLUDE_IN_FRAMEWORK_HEADER = YES;
				CLANG_WARN_RANGE_LOOP_ANALYSIS = YES;
				CLANG_WARN_STRICT_PROTOTYPES = YES;
				CLANG_WARN_SUSPICIOUS_MOVE = YES;
				CLANG_WARN_UNGUARDED_AVAILABILITY = YES_AGGRESSIVE;
				CLANG_WARN_UNREACHABLE_CODE = YES;
				CLANG_WARN__DUPLICATE_METHOD_MATCH = YES;
				COPY_PHASE_STRIP = NO;
				DEBUG_INFORMATION_FORMAT = "dwarf-with-dsym";
				ENABLE_NS_ASSERTIONS = NO;
				ENABLE_STRICT_OBJC_MSGSEND = YES;
				GCC_C_LANGUAGE_STANDARD = gnu11;
				GCC_NO_COMMON_BLOCKS = YES;
				GCC_WARN_64_TO_32_BIT_CONVERSION = YES;
				GCC_WARN_ABOUT_RETURN_TYPE = YES_ERROR;
				GCC_WARN_UNDECLARED_SELECTOR = YES;
				GCC_WARN_UNINITIALIZED_AUTOS = YES_AGGRESSIVE;
				GCC_WARN_UNUSED_FUNCTION = YES;
				GCC_WARN_UNUSED_VARIABLE = YES;
				IPHONEOS_DEPLOYMENT_TARGET = 15.4;
				MTL_ENABLE_DEBUG_INFO = NO;
				MTL_FAST_MATH = YES;
				SDKROOT = iphoneos;
				SWIFT_COMPILATION_MODE = wholemodule;
				SWIFT_OPTIMIZATION_LEVEL = "-O";
				VALIDATE_PRODUCT = YES;
			};
			name = Release;
		};
		770B70C227EC65D700784482 /* Debug */ = {
			isa = XCBuildConfiguration;
			buildSettings = {
				ASSETCATALOG_COMPILER_APPICON_NAME = AppIcon;
				ASSETCATALOG_COMPILER_GLOBAL_ACCENT_COLOR_NAME = AccentColor;
				CODE_SIGN_STYLE = Automatic;
				CURRENT_PROJECT_VERSION = 1;
				DEVELOPMENT_ASSET_PATHS = "\"MyAssets/Preview Content\"";
				DEVELOPMENT_TEAM = 5286U5DLX4;
				ENABLE_PREVIEWS = YES;
				GENERATE_INFOPLIST_FILE = YES;
				INFOPLIST_KEY_UIApplicationSceneManifest_Generation = YES;
				INFOPLIST_KEY_UIApplicationSupportsIndirectInputEvents = YES;
				INFOPLIST_KEY_UILaunchScreen_Generation = YES;
				INFOPLIST_KEY_UISupportedInterfaceOrientations_iPad = "UIInterfaceOrientationPortrait UIInterfaceOrientationPortraitUpsideDown UIInterfaceOrientationLandscapeLeft UIInterfaceOrientationLandscapeRight";
				INFOPLIST_KEY_UISupportedInterfaceOrientations_iPhone = "UIInterfaceOrientationPortrait UIInterfaceOrientationLandscapeLeft UIInterfaceOrientationLandscapeRight";
				LD_RUNPATH_SEARCH_PATHS = (
					"$(inherited)",
					"@executable_path/Frameworks",
				);
				MARKETING_VERSION = 1.0;
				PRODUCT_BUNDLE_IDENTIFIER = kr.iosPractice.MyAssets;
				PRODUCT_NAME = "$(TARGET_NAME)";
				SWIFT_EMIT_LOC_STRINGS = YES;
				SWIFT_VERSION = 5.0;
				TARGETED_DEVICE_FAMILY = "1,2";
			};
			name = Debug;
		};
		770B70C327EC65D700784482 /* Release */ = {
			isa = XCBuildConfiguration;
			buildSettings = {
				ASSETCATALOG_COMPILER_APPICON_NAME = AppIcon;
				ASSETCATALOG_COMPILER_GLOBAL_ACCENT_COLOR_NAME = AccentColor;
				CODE_SIGN_STYLE = Automatic;
				CURRENT_PROJECT_VERSION = 1;
				DEVELOPMENT_ASSET_PATHS = "\"MyAssets/Preview Content\"";
				DEVELOPMENT_TEAM = 5286U5DLX4;
				ENABLE_PREVIEWS = YES;
				GENERATE_INFOPLIST_FILE = YES;
				INFOPLIST_KEY_UIApplicationSceneManifest_Generation = YES;
				INFOPLIST_KEY_UIApplicationSupportsIndirectInputEvents = YES;
				INFOPLIST_KEY_UILaunchScreen_Generation = YES;
				INFOPLIST_KEY_UISupportedInterfaceOrientations_iPad = "UIInterfaceOrientationPortrait UIInterfaceOrientationPortraitUpsideDown UIInterfaceOrientationLandscapeLeft UIInterfaceOrientationLandscapeRight";
				INFOPLIST_KEY_UISupportedInterfaceOrientations_iPhone = "UIInterfaceOrientationPortrait UIInterfaceOrientationLandscapeLeft UIInterfaceOrientationLandscapeRight";
				LD_RUNPATH_SEARCH_PATHS = (
					"$(inherited)",
					"@executable_path/Frameworks",
				);
				MARKETING_VERSION = 1.0;
				PRODUCT_BUNDLE_IDENTIFIER = kr.iosPractice.MyAssets;
				PRODUCT_NAME = "$(TARGET_NAME)";
				SWIFT_EMIT_LOC_STRINGS = YES;
				SWIFT_VERSION = 5.0;
				TARGETED_DEVICE_FAMILY = "1,2";
			};
			name = Release;
		};
/* End XCBuildConfiguration section */

/* Begin XCConfigurationList section */
		770B70AE27EC65D600784482 /* Build configuration list for PBXProject "MyAssets" */ = {
			isa = XCConfigurationList;
			buildConfigurations = (
				770B70BF27EC65D700784482 /* Debug */,
				770B70C027EC65D700784482 /* Release */,
			);
			defaultConfigurationIsVisible = 0;
			defaultConfigurationName = Release;
		};
		770B70C127EC65D700784482 /* Build configuration list for PBXNativeTarget "MyAssets" */ = {
			isa = XCConfigurationList;
			buildConfigurations = (
				770B70C227EC65D700784482 /* Debug */,
				770B70C327EC65D700784482 /* Release */,
			);
			defaultConfigurationIsVisible = 0;
			defaultConfigurationName = Release;
		};
/* End XCConfigurationList section */
	};
	rootObject = 770B70AB27EC65D600784482 /* Project object */;
}
